dependencies:
- name: envoy
  repository: ""
  version: 0.3.10
- name: metacontroller
  repository: ""
  version: 1.5.6
- name: postgresql
  repository: https://charts.bitnami.com/bitnami
  version: 10.4.1
- name: redis
  repository: https://charts.bitnami.com/bitnami
  version: 14.1.0
- name: keycloak
  repository: https://codecentric.github.io/helm-charts
  version: 10.3.1
- name: ingress-nginx
  repository: https://kubernetes.github.io/ingress-nginx
  version: 4.0.13
- name: rabbitmq
  repository: https://charts.bitnami.com/bitnami
  version: 8.12.2
digest: sha256:0861f0271c2178facc186dc8407a0ad319bbc055892fa5b8822b0ef3e2021693
generated: "2022-01-19T09:34:30.571369732-03:00"
