dependencies:
- name: envoy
  repository: ""
  version: 0.3.10
- name: metacontroller
  repository: ""
  version: 1.0.0
- name: postgresql
  repository: https://charts.bitnami.com/bitnami
  version: 10.4.1
- name: redis
  repository: https://charts.bitnami.com/bitnami
  version: 14.1.0
- name: keycloak
  repository: https://codecentric.github.io/helm-charts
  version: 10.3.1
- name: ingress-nginx
  repository: https://kubernetes.github.io/ingress-nginx
  version: 3.15.2
- name: rabbitmq
  repository: https://charts.bitnami.com/bitnami
  version: 8.12.2
digest: sha256:4f65249a24c057103926688ee0739ebef5cb27b515b765f5307f57c62650e2f4
generated: "2021-05-02T22:17:40.814287915-03:00"
