{
  "version": 4,
  "terraform_version": "0.12.13",
  "serial": 191,
  "lineage": "f8e9bc43-46a5-445b-1be2-abd7b4e7f609",
  "outputs": {
    "cluster_name": {
      "value": "charlescd",
      "type": "string"
    },
    "cluster_region": {
      "value": "us-central1",
      "type": "string"
    }
  },
  "resources": [
    {
      "mode": "data",
      "type": "google_client_config",
      "name": "current",
      "provider": "provider.google",
      "instances": [
        {
          "schema_version": 0,
          "attributes": {
            "access_token": "ya29.a0Ae4lvC1Ho0RV0ER38Cgn1RnjCuwk9n0EInrxYg501qJRY5HVJ3ww35ffb2VHV4cKwl661cfxj61sUreA__SH5PzCis65-5rjQ3m7K-6qo1Cir9kthWIUDnzY5BJpnCb5qa1Xaog0pd44abjU57sIyC5vz0Hjfi84s7U",
            "id": "2020-04-29 20:14:09.075397 +0000 UTC",
            "project": "charles-cd",
            "region": "us-central1",
            "zone": ""
          }
        }
      ]
    },
    {
      "mode": "data",
      "type": "google_container_engine_versions",
      "name": "default",
      "provider": "provider.google",
      "instances": [
        {
          "schema_version": 0,
          "attributes": {
            "default_cluster_version": "1.14.10-gke.27",
            "id": "2020-04-29 20:14:10.061075 +0000 UTC",
            "latest_master_version": "1.15.11-gke.9",
            "latest_node_version": "1.15.11-gke.9",
            "location": "us-central1",
            "project": null,
            "region": null,
            "valid_master_versions": [
              "1.15.11-gke.9",
              "1.15.11-gke.5",
              "1.15.11-gke.3",
              "1.15.11-gke.1",
              "1.15.9-gke.26",
              "1.15.9-gke.24",
              "1.14.10-gke.36",
              "1.14.10-gke.34",
              "1.14.10-gke.32",
              "1.14.10-gke.31",
              "1.14.10-gke.27"
            ],
            "valid_node_versions": [
              "1.15.11-gke.9",
              "1.15.11-gke.5",
              "1.15.11-gke.3",
              "1.15.11-gke.1",
              "1.15.9-gke.26",
              "1.15.9-gke.24",
              "1.15.9-gke.22",
              "1.15.9-gke.12",
              "1.15.9-gke.9",
              "1.15.9-gke.8",
              "1.15.8-gke.3",
              "1.15.8-gke.2",
              "1.15.7-gke.23",
              "1.15.7-gke.2",
              "1.15.4-gke.22",
              "1.14.10-gke.36",
              "1.14.10-gke.34",
              "1.14.10-gke.32",
              "1.14.10-gke.31",
              "1.14.10-gke.27",
              "1.14.10-gke.24",
              "1.14.10-gke.22",
              "1.14.10-gke.21",
              "1.14.10-gke.17",
              "1.14.10-gke.0",
              "1.14.9-gke.23",
              "1.14.9-gke.2",
              "1.14.9-gke.0",
              "1.14.8-gke.33",
              "1.14.8-gke.21",
              "1.14.8-gke.18",
              "1.14.8-gke.17",
              "1.14.8-gke.14",
              "1.14.8-gke.12",
              "1.14.8-gke.7",
              "1.14.8-gke.2",
              "1.14.7-gke.40",
              "1.14.7-gke.25",
              "1.14.7-gke.23",
              "1.14.7-gke.17",
              "1.14.7-gke.14",
              "1.14.7-gke.10",
              "1.14.6-gke.13",
              "1.14.6-gke.2",
              "1.14.6-gke.1",
              "1.14.3-gke.11",
              "1.14.3-gke.10",
              "1.14.3-gke.9",
              "1.14.2-gke.9",
              "1.14.1-gke.5",
              "1.13.12-gke.30",
              "1.13.12-gke.25",
              "1.13.12-gke.17",
              "1.13.12-gke.16",
              "1.13.12-gke.14",
              "1.13.12-gke.13",
              "1.13.12-gke.10",
              "1.13.12-gke.8",
              "1.13.12-gke.4",
              "1.13.12-gke.2",
              "1.13.11-gke.23",
              "1.13.11-gke.15",
              "1.13.11-gke.14",
              "1.13.11-gke.12",
              "1.13.11-gke.11",
              "1.13.11-gke.9",
              "1.13.11-gke.5",
              "1.13.10-gke.7",
              "1.13.10-gke.0",
              "1.13.9-gke.11",
              "1.13.9-gke.3",
              "1.13.7-gke.24",
              "1.13.7-gke.19",
              "1.13.7-gke.15",
              "1.13.7-gke.8",
              "1.13.7-gke.0",
              "1.13.6-gke.13",
              "1.13.6-gke.6",
              "1.13.6-gke.5",
              "1.13.6-gke.0",
              "1.13.5-gke.10",
              "1.12.10-gke.22",
              "1.12.10-gke.20",
              "1.12.10-gke.19",
              "1.12.10-gke.18",
              "1.12.10-gke.17",
              "1.12.10-gke.15",
              "1.12.10-gke.13",
              "1.12.10-gke.11",
              "1.12.10-gke.5",
              "1.12.9-gke.16",
              "1.12.9-gke.15",
              "1.12.9-gke.13",
              "1.12.9-gke.10",
              "1.12.9-gke.7",
              "1.12.9-gke.3",
              "1.12.8-gke.12",
              "1.12.8-gke.10",
              "1.12.8-gke.7",
              "1.12.8-gke.6",
              "1.12.7-gke.26",
              "1.12.7-gke.25",
              "1.12.7-gke.24",
              "1.12.7-gke.22",
              "1.12.7-gke.21",
              "1.12.7-gke.17",
              "1.12.7-gke.10",
              "1.12.7-gke.7",
              "1.12.6-gke.11",
              "1.12.6-gke.10",
              "1.12.6-gke.7",
              "1.12.5-gke.10",
              "1.12.5-gke.5",
              "1.11.10-gke.6",
              "1.11.10-gke.5",
              "1.11.10-gke.4",
              "1.11.9-gke.13",
              "1.11.9-gke.8",
              "1.11.9-gke.5",
              "1.11.8-gke.10",
              "1.11.8-gke.6",
              "1.11.8-gke.5",
              "1.11.8-gke.4",
              "1.11.7-gke.18",
              "1.11.7-gke.12",
              "1.11.7-gke.6",
              "1.11.7-gke.4",
              "1.11.6-gke.16",
              "1.11.6-gke.11",
              "1.11.6-gke.6",
              "1.11.6-gke.3",
              "1.11.6-gke.2",
              "1.11.6-gke.0",
              "1.11.5-gke.5",
              "1.11.5-gke.4",
              "1.11.4-gke.13",
              "1.11.4-gke.12",
              "1.11.4-gke.8",
              "1.11.3-gke.24",
              "1.11.3-gke.23",
              "1.11.3-gke.18",
              "1.11.2-gke.26",
              "1.11.2-gke.25",
              "1.11.2-gke.20",
              "1.11.2-gke.18",
              "1.11.2-gke.15",
              "1.11.2-gke.9",
              "1.10.12-gke.14",
              "1.10.12-gke.9",
              "1.10.12-gke.7",
              "1.10.12-gke.1",
              "1.10.12-gke.0",
              "1.10.11-gke.1",
              "1.10.9-gke.7",
              "1.10.9-gke.5",
              "1.10.9-gke.3",
              "1.10.9-gke.0",
              "1.10.7-gke.13",
              "1.10.7-gke.11",
              "1.10.7-gke.9",
              "1.10.7-gke.6",
              "1.10.7-gke.2",
              "1.10.7-gke.1",
              "1.10.6-gke.13",
              "1.10.6-gke.11",
              "1.10.6-gke.9",
              "1.10.6-gke.6",
              "1.10.6-gke.4",
              "1.10.6-gke.3",
              "1.10.6-gke.2",
              "1.10.6-gke.1",
              "1.10.5-gke.4",
              "1.10.5-gke.3",
              "1.10.5-gke.2",
              "1.10.5-gke.0",
              "1.10.4-gke.3",
              "1.10.4-gke.2",
              "1.10.4-gke.0",
              "1.10.2-gke.4",
              "1.10.2-gke.3",
              "1.10.2-gke.1",
              "1.9.7-gke.11",
              "1.9.7-gke.7",
              "1.9.7-gke.6",
              "1.9.7-gke.5",
              "1.9.7-gke.4",
              "1.9.7-gke.3",
              "1.9.7-gke.1",
              "1.9.7-gke.0",
              "1.9.6-gke.2",
              "1.9.6-gke.1",
              "1.9.3-gke.0",
              "1.8.12-gke.3",
              "1.8.12-gke.2",
              "1.8.12-gke.1",
              "1.8.12-gke.0",
              "1.8.10-gke.2",
              "1.8.10-gke.0",
              "1.8.9-gke.1",
              "1.8.8-gke.0",
              "1.7.15-gke.0",
              "1.7.12-gke.2",
              "1.6.13-gke.1"
            ],
            "version_prefix": null,
            "zone": null
          }
        }
      ]
    },
    {
      "module": "module.keycloak",
      "mode": "data",
      "type": "template_file",
      "name": "charles-keycloak-extravars",
      "provider": "provider.template",
      "instances": [
        {
          "schema_version": 0,
          "attributes": {
            "filename": null,
            "id": "713ecc30ce5dedfb48273199000b3c29b6c5fe6ed1452cb1bfffa55b3d17b65a",
            "rendered": "keycloak:\n    password: firstpassword\n    persistence:\n        dbPassword: firstpassword\n\n    extraEnv: |\n        - name: KEYCLOAK_FRONTEND_URL\n          value: \"https://charles-keycloak.continuousplatform.com/auth\"\n        - name: PROXY_ADDRESS_FORWARDING\n          value: \"true\"\n        - name: DB_USER\n          value: \"postgres\"\n        - name: DB_PASSWORD\n          value: \"firstpassword\"\n        - name: DB_VENDOR\n          value: \"POSTGRES\"\n        - name: DB_PORT\n          value: \"5432\"\n        - name: DB_ADDR\n          value: \"charles-postgresql\"\n        - name: DB_DATABASE\n          value: \"keycloak\"\n        - name: DB_SCHEMA\n          value: \"public\"",
            "template": "keycloak:\n    password: ${keycloak_password}\n    persistence:\n        dbPassword: ${keycloak_password}\n\n    extraEnv: |\n        - name: KEYCLOAK_FRONTEND_URL\n          value: \"https://charles-keycloak.continuousplatform.com/auth\"\n        - name: PROXY_ADDRESS_FORWARDING\n          value: \"true\"\n        - name: DB_USER\n          value: \"postgres\"\n        - name: DB_PASSWORD\n          value: \"firstpassword\"\n        - name: DB_VENDOR\n          value: \"POSTGRES\"\n        - name: DB_PORT\n          value: \"5432\"\n        - name: DB_ADDR\n          value: \"charles-postgresql\"\n        - name: DB_DATABASE\n          value: \"keycloak\"\n        - name: DB_SCHEMA\n          value: \"public\"",
            "vars": {
              "keycloak_password": "firstpassword"
            }
          }
        }
      ]
    },
    {
      "module": "module.charles",
      "mode": "data",
      "type": "template_file",
      "name": "charles-moove-extravars",
      "provider": "provider.template",
      "instances": [
        {
          "schema_version": 0,
          "attributes": {
            "filename": null,
            "id": "bf487d2752452915127ce22220ad85f3c42a863327019e8978c7c3f123d26205",
            "rendered": "envVars:\n  - name: SPRING_PROFILES_ACTIVE\n    value: \"k8s\"\n  - name: DB_URL\n    value: \"jdbc:postgresql://charles-postgresql:5432/charlesmoove?sslMode=disabled\"\n  - name: DB_USERNAME\n    value: \"postgres\"\n  - name: DB_PASSWORD\n    value: \"firstpassword\"\n  - name: KEYCLOCK_REALM\n    value: \"darwin\"\n  - name: KEYCLOAK_SERVER_URL\n    value: \"http://charles-keycloak-http/auth\"\n  - name: KEYCLOAK_CLIENT_ID\n    value: \"realm-darwin\"\n  - name: KEYCLOAK_CLIENT_SECRET\n    value: \"32e76153-d62e-403b-9105-d5a36946d807\"\n  - name: ZUP_CORS_ALLOWED-ORIGINS\n    value: \"http://localhost:3000,http://localhost:3001,http://localhost:8081,http://localhost:8080,https://darwin.continuousplatform.com, http://35.222.121.238:3000\"",
            "template": "envVars:\n  - name: SPRING_PROFILES_ACTIVE\n    value: \"k8s\"\n  - name: DB_URL\n    value: \"jdbc:postgresql://charles-postgresql:5432/${db-moove-username}?sslMode=disabled\"\n  - name: DB_USERNAME\n    value: \"postgres\"\n  - name: DB_PASSWORD\n    value: \"firstpassword\"\n  - name: KEYCLOCK_REALM\n    value: \"darwin\"\n  - name: KEYCLOAK_SERVER_URL\n    value: \"http://charles-keycloak-http/auth\"\n  - name: KEYCLOAK_CLIENT_ID\n    value: \"realm-darwin\"\n  - name: KEYCLOAK_CLIENT_SECRET\n    value: \"32e76153-d62e-403b-9105-d5a36946d807\"\n  - name: ZUP_CORS_ALLOWED-ORIGINS\n    value: \"http://localhost:3000,http://localhost:3001,http://localhost:8081,http://localhost:8080,https://darwin.continuousplatform.com, http://35.222.121.238:3000\"",
            "vars": {
              "db-moove-password": "Qm8Nc11pQHylF9G4",
              "db-moove-username": "charlesmoove"
            }
          }
        }
      ]
    },
    {
      "module": "module.charles",
      "mode": "data",
      "type": "template_file",
      "name": "charles-notifications-extravars",
      "provider": "provider.template",
      "instances": [
        {
          "schema_version": 0,
          "attributes": {
            "filename": null,
            "id": "9945b12b0daf25bf932a9274290e5b0a4c30cc15735d62eb783d9cf9059ce269",
            "rendered": "envVars:\n  - name: SPRING_PROFILES_ACTIVE\n    value: \"k8s\"\n  - name: DB_URL\n    value: jdbc:postgresql://charles-postgresql:5432/charlesnotifications\n  - name: DB_USERNAME\n    value: charlesnotifications\n  - name: DB_PASSWORD\n    value: Qm8Nc11pQHylF9G4",
            "template": "envVars:\n  - name: SPRING_PROFILES_ACTIVE\n    value: \"k8s\"\n  - name: DB_URL\n    value: jdbc:postgresql://charles-postgresql:5432/${db-notifications-user}\n  - name: DB_USERNAME\n    value: ${db-notifications-user}\n  - name: DB_PASSWORD\n    value: ${db-notifications-pass}",
            "vars": {
              "db-notifications-pass": "Qm8Nc11pQHylF9G4",
              "db-notifications-user": "charlesnotifications"
            }
          }
        }
      ]
    },
    {
      "module": "module.postgresql",
      "mode": "data",
      "type": "template_file",
      "name": "charles-postgresql-extravars",
      "provider": "provider.template",
      "instances": [
        {
          "schema_version": 0,
          "attributes": {
            "filename": null,
            "id": "a5b72e02b60a740f65b299e248bcaa21fa58ba54de299d545ead6c91ed5ffb61",
            "rendered": "postgresqlPassword: \"firstpassword\"\ninitdbScripts:\n  my_init_script.sql: |\n    CREATE DATABASE charlesnotifications;\n    CREATE USER charlesnotifications WITH PASSWORD 'Qm8Nc11pQHylF9G4';\n    GRANT ALL PRIVILEGES ON DATABASE charlesnotifications TO charlesnotifications;\n\n    CREATE DATABASE charlesdeploy;\n    CREATE USER charlesdeploy WITH PASSWORD '4cCegXGg6vqdBNEe';\n    GRANT ALL PRIVILEGES ON DATABASE charlesdeploy TO charlesdeploy;\n\n    CREATE DATABASE charlescirclematcher;\n    CREATE USER charlescirclematcher WITH PASSWORD 'EuEqpgeerJzWW9T3';\n    GRANT ALL PRIVILEGES ON DATABASE charlescirclematcher TO charlescirclematcher;\n\n    CREATE DATABASE charlesmoove;\n    CREATE USER charlesmoove WITH PASSWORD 'Qm8Nc11pQHylF9G4';\n    GRANT ALL PRIVILEGES ON DATABASE charlesmoove TO charlesmoove;\n\n",
            "template": "postgresqlPassword: \"${postgres_password}\"\ninitdbScripts:\n  my_init_script.sql: |\n    CREATE DATABASE ${db-notifications-username};\n    CREATE USER ${db-notifications-username} WITH PASSWORD '${db-notifications-password}';\n    GRANT ALL PRIVILEGES ON DATABASE ${db-notifications-username} TO ${db-notifications-username};\n\n    CREATE DATABASE ${db-deploy-username};\n    CREATE USER ${db-deploy-username} WITH PASSWORD '${db-deploy-password}';\n    GRANT ALL PRIVILEGES ON DATABASE ${db-deploy-username} TO ${db-deploy-username};\n\n    CREATE DATABASE ${db-villager-username};\n    CREATE USER ${db-villager-username} WITH PASSWORD '${db-villager-password}';\n    GRANT ALL PRIVILEGES ON DATABASE ${db-villager-username} TO ${db-villager-username};\n\n    CREATE DATABASE ${db-moove-username};\n    CREATE USER ${db-moove-username} WITH PASSWORD '${db-moove-password}';\n    GRANT ALL PRIVILEGES ON DATABASE ${db-moove-username} TO ${db-moove-username};\n\n",
            "vars": {
              "db-deploy-password": "4cCegXGg6vqdBNEe",
              "db-deploy-username": "charlesdeploy",
              "db-moove-password": "Qm8Nc11pQHylF9G4",
              "db-moove-username": "charlesmoove",
              "db-notifications-password": "Qm8Nc11pQHylF9G4",
              "db-notifications-username": "charlesnotifications",
              "db-villager-password": "EuEqpgeerJzWW9T3",
              "db-villager-username": "charlescirclematcher",
              "postgres_password": "firstpassword"
            }
          }
        }
      ]
    },
    {
      "module": "module.tyk",
      "mode": "data",
      "type": "template_file",
      "name": "charles-tyk-extravars",
      "provider": "provider.template",
      "instances": [
        {
          "schema_version": 0,
          "attributes": {
            "filename": null,
            "id": "e69f453f2de4a6d06b431122cf280ae518efa6a35e23cffe111b2f0678ca67b6",
            "rendered": "tyk:\n  port: 8080\n  gw_secret: \"cijlkdsjfaj3q0089qzup\"\n  redis_server: \"charles-redis-master\"\n  redis_port: \"6379\"\n  redis_username: \"redis\"\n  redis_password: \"firstpassword\"\n  address: \n    api: charles-api.continuousplatform.com\n    spinnakerdeck: charles-spinnaker.continuousplatform.com\n    spinnakergate: charles-spinnaker-gate.continuousplatform.com\n    web: charles.continuousplatform.com\n    keycloak : charles-keycloak.continuousplatform.com",
            "template": "tyk:\n  port: 8080\n  gw_secret: \"cijlkdsjfaj3q0089qzup\"\n  redis_server: \"charles-redis-master\"\n  redis_port: \"6379\"\n  redis_username: \"redis\"\n  redis_password: \"firstpassword\"\n  address: \n    api: charles-api.continuousplatform.com\n    spinnakerdeck: charles-spinnaker.continuousplatform.com\n    spinnakergate: charles-spinnaker-gate.continuousplatform.com\n    web: charles.continuousplatform.com\n    keycloak : charles-keycloak.continuousplatform.com",
            "vars": null
          }
        }
      ]
    },
    {
      "mode": "managed",
      "type": "google_container_cluster",
      "name": "default",
      "provider": "provider.google-beta",
      "instances": [
        {
          "schema_version": 1,
          "attributes": {
            "additional_zones": null,
            "addons_config": [
              {
                "cloudrun_config": [],
                "horizontal_pod_autoscaling": [],
                "http_load_balancing": [],
                "istio_config": [
                  {
                    "auth": "",
                    "disabled": false
                  }
                ],
                "kubernetes_dashboard": [],
                "network_policy_config": [
                  {
                    "disabled": true
                  }
                ]
              }
            ],
            "authenticator_groups_config": [],
            "cluster_autoscaling": [
              {
                "enabled": false,
                "resource_limits": []
              }
            ],
            "cluster_ipv4_cidr": "10.0.0.0/14",
            "database_encryption": [
              {
                "key_name": "",
                "state": "DECRYPTED"
              }
            ],
            "default_max_pods_per_node": 110,
            "description": "",
            "enable_binary_authorization": false,
            "enable_intranode_visibility": false,
            "enable_kubernetes_alpha": false,
            "enable_legacy_abac": false,
            "enable_shielded_nodes": false,
            "enable_tpu": false,
            "endpoint": "35.223.17.223",
            "id": "projects/charles-cd/locations/us-central1/clusters/charlescd",
            "initial_node_count": 1,
            "instance_group_urls": [
              "https://www.googleapis.com/compute/beta/projects/charles-cd/zones/us-central1-b/instanceGroups/gke-charlescd-default-pool-874f0b1d-grp",
              "https://www.googleapis.com/compute/beta/projects/charles-cd/zones/us-central1-f/instanceGroups/gke-charlescd-default-pool-059aaba8-grp",
              "https://www.googleapis.com/compute/beta/projects/charles-cd/zones/us-central1-c/instanceGroups/gke-charlescd-default-pool-39962d44-grp"
            ],
            "ip_allocation_policy": [],
            "location": "us-central1",
            "logging_service": "logging.googleapis.com/kubernetes",
            "maintenance_policy": [],
            "master_auth": [
              {
                "client_certificate": "",
                "client_certificate_config": [
                  {
                    "issue_client_certificate": false
                  }
                ],
                "client_key": "",
                "cluster_ca_certificate": "LS0tLS1CRUdJTiBDRVJUSUZJQ0FURS0tLS0tCk1JSURDekNDQWZPZ0F3SUJBZ0lRS0p4aEUvUkR1VzNMMGJ4RTdIKytPekFOQmdrcWhraUc5dzBCQVFzRkFEQXYKTVMwd0t3WURWUVFERXlRMlltRmpaV1JpTlMwek4yUTRMVFEyTVRRdE9HTmlNeTFrTWpVM09HUTBOREUzWVdJdwpIaGNOTWpBd05ESTRNak14TVRVM1doY05NalV3TkRJNE1EQXhNVFUzV2pBdk1TMHdLd1lEVlFRREV5UTJZbUZqClpXUmlOUzB6TjJRNExUUTJNVFF0T0dOaU15MWtNalUzT0dRME5ERTNZV0l3Z2dFaU1BMEdDU3FHU0liM0RRRUIKQVFVQUE0SUJEd0F3Z2dFS0FvSUJBUUNMTDA0cVVXTzZhU01tMG1tYjNKSWNMM2t5VG11dGorNFZqRGFBRy8wNgpYNkZhSVcwR3l4dFk2T3REeDZOdUJZNi9adXdWSUgrRFNLcnNMdDFueDd2MUFUSXNRQXlIR0hlL3NLcXR1bjdKCkZ2R0daOVVvSDk2OWNpeEhTY2NYaEYyS3p3ZU81WFE4ZTZCaFUzanFZa3hvZmVUQ0FDRXF0eVJBNXFWTE5lN24KZW1RcHR3OVlRZllnY29VZDZvdmR4MWdNQ1hZeFNFditzUXBYK0lNWlE2b2taQ2N5dGtsL1FYUXNqZE1RbEFDcQo2VUdtbzhrNXg1OC8vOUZWTWxYaWxBV2NhSDcyblBvbWVzYkNiYWo3eFpSVTRCQlN4Y3dnTEE1N1VoOXZOM1JxCnZXMENhbXZSVHBHajczdjI3YWJRVHlZcnRTYVZvMEdBcm9HY01maVFFd1FMQWdNQkFBR2pJekFoTUE0R0ExVWQKRHdFQi93UUVBd0lDQkRBUEJnTlZIUk1CQWY4RUJUQURBUUgvTUEwR0NTcUdTSWIzRFFFQkN3VUFBNElCQVFCWgpBcklHZE9LUW8vQWJMRWF1WDR5emxKaDFuaWw5WlhXSjlVcEZpNm5lUWIxa3FOT1M1WU9wbmhNbk1RQ2lseEpZCmowSkdwZjc4VlVLaEVXbDIzK1djVjJUZDFNR0JCNU42MU9pUEkwN2Vodk5ZZ3pBMVF2WWJxWlNQVzBiNXR6UlAKVnFYeVZtTGIwa0twUk1Bc0JWYldNSmFiZHRPZElqOG9sUFZuZm0zbVlVaWQ3QUVoZDZURHpyNGtJMDRlOHBJZgpwMlFFY3MwSG5IT0dWWkVlcjRhVVdIMTcxU3Z6ZE9pY2gwaUthY1FrdmZMMGxvU0RzaHVvVTl3SHRSM1h6ZG5rCmdPN3Frc1RMc2RGend6Y3pyUzdHYVcyTk55anQ2dlkyOWx2YTYvMUlTRUl3Q2J1U3pleEFuRnNyWTZKdjEra24KMjc4UEVpSHluczFiUFVQWGFWd0MKLS0tLS1FTkQgQ0VSVElGSUNBVEUtLS0tLQo=",
                "password": "",
                "username": ""
              }
            ],
            "master_authorized_networks_config": [],
            "master_version": "1.15.11-gke.9",
            "min_master_version": "1.15.11-gke.9",
            "monitoring_service": "monitoring.googleapis.com/kubernetes",
            "name": "charlescd",
            "network": "projects/charles-cd/global/networks/default",
            "network_policy": [
              {
                "enabled": false,
                "provider": "PROVIDER_UNSPECIFIED"
              }
            ],
            "node_config": [
              {
                "disk_size_gb": 20,
                "disk_type": "pd-standard",
                "guest_accelerator": [],
                "image_type": "COS",
                "labels": {},
                "local_ssd_count": 0,
                "machine_type": "n1-standard-2",
                "metadata": {
                  "disable-legacy-endpoints": "true"
                },
                "min_cpu_platform": "",
                "oauth_scopes": [
                  "https://www.googleapis.com/auth/logging.write",
                  "https://www.googleapis.com/auth/monitoring"
                ],
                "preemptible": false,
                "sandbox_config": [],
                "service_account": "default",
                "shielded_instance_config": [
                  {
                    "enable_integrity_monitoring": true,
                    "enable_secure_boot": false
                  }
                ],
                "tags": [],
                "taint": [],
                "workload_metadata_config": []
              }
            ],
            "node_locations": [
              "us-central1-b",
              "us-central1-c",
              "us-central1-f"
            ],
            "node_pool": [
              {
                "autoscaling": [],
                "initial_node_count": 1,
                "instance_group_urls": [
                  "https://www.googleapis.com/compute/v1/projects/charles-cd/zones/us-central1-b/instanceGroupManagers/gke-charlescd-default-pool-874f0b1d-grp",
                  "https://www.googleapis.com/compute/v1/projects/charles-cd/zones/us-central1-f/instanceGroupManagers/gke-charlescd-default-pool-059aaba8-grp",
                  "https://www.googleapis.com/compute/v1/projects/charles-cd/zones/us-central1-c/instanceGroupManagers/gke-charlescd-default-pool-39962d44-grp"
                ],
                "management": [
                  {
                    "auto_repair": false,
                    "auto_upgrade": true
                  }
                ],
                "max_pods_per_node": 0,
                "name": "default-pool",
                "name_prefix": "",
                "node_config": [
                  {
                    "disk_size_gb": 20,
                    "disk_type": "pd-standard",
                    "guest_accelerator": [],
                    "image_type": "COS",
                    "labels": {},
                    "local_ssd_count": 0,
                    "machine_type": "n1-standard-2",
                    "metadata": {
                      "disable-legacy-endpoints": "true"
                    },
                    "min_cpu_platform": "",
                    "oauth_scopes": [
                      "https://www.googleapis.com/auth/logging.write",
                      "https://www.googleapis.com/auth/monitoring"
                    ],
                    "preemptible": false,
                    "sandbox_config": [],
                    "service_account": "default",
                    "shielded_instance_config": [
                      {
                        "enable_integrity_monitoring": true,
                        "enable_secure_boot": false
                      }
                    ],
                    "tags": [],
                    "taint": [],
                    "workload_metadata_config": []
                  }
                ],
                "node_count": 1,
                "node_locations": [
                  "us-central1-b",
                  "us-central1-c",
                  "us-central1-f"
                ],
                "version": "1.15.11-gke.9"
              }
            ],
            "node_version": "1.15.11-gke.9",
            "pod_security_policy_config": [],
            "private_cluster_config": [],
            "project": "charles-cd",
            "region": null,
            "release_channel": [
              {
                "channel": "UNSPECIFIED"
              }
            ],
            "remove_default_node_pool": null,
            "resource_labels": {},
            "resource_usage_export_config": [],
            "services_ipv4_cidr": "10.3.240.0/20",
            "subnetwork": "projects/charles-cd/regions/us-central1/subnetworks/default",
            "timeouts": null,
            "tpu_ipv4_cidr_block": "",
            "vertical_pod_autoscaling": [],
            "workload_identity_config": [],
            "zone": null
          },
          "private": "eyJlMmJmYjczMC1lY2FhLTExZTYtOGY4OC0zNDM2M2JjN2M0YzAiOnsiY3JlYXRlIjoxODAwMDAwMDAwMDAwLCJkZWxldGUiOjE4MDAwMDAwMDAwMDAsInVwZGF0ZSI6MzYwMDAwMDAwMDAwMH0sInNjaGVtYV92ZXJzaW9uIjoiMSJ9",
          "depends_on": [
            "data.google_container_engine_versions.default"
          ]
        }
      ]
    },
    {
      "module": "module.charles",
      "mode": "managed",
      "type": "helm_release",
      "name": "charles-circle-matcher",
      "provider": "provider.helm",
      "instances": [
        {
          "schema_version": 0,
          "attributes": {
            "atomic": false,
            "chart": "modules/charles/charts/darwin-circle-matcher",
            "cleanup_on_fail": false,
            "dependency_update": false,
            "description": null,
            "devel": null,
            "disable_crd_hooks": false,
            "disable_openapi_validation": false,
            "disable_webhooks": false,
            "force_update": false,
            "id": "charles-circle-matcher",
            "keyring": null,
            "max_history": 0,
            "metadata": [
              {
                "chart": "darwin-circle-matcher",
                "name": "charles-circle-matcher",
                "namespace": "charles",
                "revision": 1,
                "values": "null",
                "version": "0.1"
              }
            ],
            "name": "charles-circle-matcher",
            "namespace": "charles",
            "postrender": [],
            "recreate_pods": false,
            "render_subchart_notes": true,
            "replace": false,
            "repository": null,
            "repository_ca_file": null,
            "repository_cert_file": null,
            "repository_key_file": null,
            "repository_password": null,
            "repository_username": null,
            "reset_values": false,
            "reuse_values": false,
            "set": [],
            "set_sensitive": [],
            "set_string": [],
            "skip_crds": false,
            "status": "deployed",
            "timeout": 300,
            "values": null,
            "verify": false,
            "version": "0.1",
            "wait": true
          },
          "private": "bnVsbA=="
        }
      ]
    },
    {
      "module": "module.charles",
      "mode": "managed",
      "type": "helm_release",
      "name": "charles-deploy",
      "provider": "provider.helm",
      "instances": [
        {
          "schema_version": 0,
          "attributes": {
            "atomic": false,
            "chart": "modules/charles/charts/darwin-deploy",
            "cleanup_on_fail": false,
            "dependency_update": false,
            "description": null,
            "devel": null,
            "disable_crd_hooks": false,
            "disable_openapi_validation": false,
            "disable_webhooks": false,
            "force_update": false,
            "id": "charles-deploy",
            "keyring": null,
            "max_history": 0,
            "metadata": [
              {
                "chart": "darwin-deploy",
                "name": "charles-deploy",
                "namespace": "charles",
                "revision": 1,
                "values": "null",
                "version": "darwin"
              }
            ],
            "name": "charles-deploy",
            "namespace": "charles",
            "postrender": [],
            "recreate_pods": false,
            "render_subchart_notes": true,
            "replace": false,
            "repository": null,
            "repository_ca_file": null,
            "repository_cert_file": null,
            "repository_key_file": null,
            "repository_password": null,
            "repository_username": null,
            "reset_values": false,
            "reuse_values": false,
            "set": [],
            "set_sensitive": [],
            "set_string": [],
            "skip_crds": false,
            "status": "deployed",
            "timeout": 300,
            "values": null,
            "verify": false,
            "version": "darwin",
            "wait": true
          },
          "private": "bnVsbA=="
        }
      ]
    },
    {
      "module": "module.keycloak",
      "mode": "managed",
      "type": "helm_release",
      "name": "charles-keycloak",
      "provider": "provider.helm",
      "instances": [
        {
          "schema_version": 0,
          "attributes": {
            "atomic": false,
            "chart": "modules/keycloak/charts/keycloak",
            "cleanup_on_fail": false,
            "dependency_update": false,
            "description": null,
            "devel": null,
            "disable_crd_hooks": false,
            "disable_openapi_validation": false,
            "disable_webhooks": false,
            "force_update": false,
            "id": "charles-keycloak",
            "keyring": null,
            "max_history": 0,
            "metadata": [
              {
                "chart": "keycloak",
                "name": "charles-keycloak",
                "namespace": "charles",
                "revision": 2,
                "values": "{\"keycloak\":{\"extraEnv\":\"- name: KEYCLOAK_FRONTEND_URL\\n  value: \\\"https://charles-keycloak.continuousplatform.com/auth\\\"\\n- name: PROXY_ADDRESS_FORWARDING\\n  value: \\\"true\\\"\\n- name: DB_USER\\n  value: \\\"postgres\\\"\\n- name: DB_PASSWORD\\n  value: \\\"firstpassword\\\"\\n- name: DB_VENDOR\\n  value: \\\"POSTGRES\\\"\\n- name: DB_PORT\\n  value: \\\"5432\\\"\\n- name: DB_ADDR\\n  value: \\\"charles-postgresql\\\"\\n- name: DB_DATABASE\\n  value: \\\"keycloak\\\"\\n- name: DB_SCHEMA\\n  value: \\\"public\\\"\",\"password\":\"firstpassword\",\"persistence\":{\"dbPassword\":\"firstpassword\"}}}",
                "version": "7.5.1"
              }
            ],
            "name": "charles-keycloak",
            "namespace": "charles",
            "postrender": [],
            "recreate_pods": false,
            "render_subchart_notes": true,
            "replace": false,
            "repository": null,
            "repository_ca_file": null,
            "repository_cert_file": null,
            "repository_key_file": null,
            "repository_password": null,
            "repository_username": null,
            "reset_values": false,
            "reuse_values": false,
            "set": [],
            "set_sensitive": [],
            "set_string": [],
            "skip_crds": false,
            "status": "deployed",
            "timeout": 300,
            "values": [
              "keycloak:\n    password: firstpassword\n    persistence:\n        dbPassword: firstpassword\n\n    extraEnv: |\n        - name: KEYCLOAK_FRONTEND_URL\n          value: \"https://charles-keycloak.continuousplatform.com/auth\"\n        - name: PROXY_ADDRESS_FORWARDING\n          value: \"true\"\n        - name: DB_USER\n          value: \"postgres\"\n        - name: DB_PASSWORD\n          value: \"firstpassword\"\n        - name: DB_VENDOR\n          value: \"POSTGRES\"\n        - name: DB_PORT\n          value: \"5432\"\n        - name: DB_ADDR\n          value: \"charles-postgresql\"\n        - name: DB_DATABASE\n          value: \"keycloak\"\n        - name: DB_SCHEMA\n          value: \"public\""
            ],
            "verify": false,
            "version": "7.5.1",
            "wait": true
          },
          "private": "bnVsbA==",
          "depends_on": [
            "data.template_file.charles-keycloak-extravars"
          ]
        }
      ]
    },
    {
      "module": "module.charles",
      "mode": "managed",
      "type": "helm_release",
      "name": "charles-moove",
      "provider": "provider.helm",
      "instances": [
        {
          "schema_version": 0,
          "attributes": {
            "atomic": false,
            "chart": "modules/charles/charts/darwin-application",
            "cleanup_on_fail": false,
            "dependency_update": false,
            "description": null,
            "devel": null,
            "disable_crd_hooks": false,
            "disable_openapi_validation": false,
            "disable_webhooks": false,
            "force_update": false,
            "id": "charles-moove",
            "keyring": null,
            "max_history": 0,
            "metadata": [
              {
                "chart": "darwin-application",
                "name": "charles-moove",
                "namespace": "charles",
                "revision": 1,
                "values": "{\"envVars\":[{\"name\":\"SPRING_PROFILES_ACTIVE\",\"value\":\"k8s\"},{\"name\":\"DB_URL\",\"value\":\"jdbc:postgresql://charles-postgresql:5432/charlesmoove?sslMode=disabled\"},{\"name\":\"DB_USERNAME\",\"value\":\"postgres\"},{\"name\":\"DB_PASSWORD\",\"value\":\"firstpassword\"},{\"name\":\"KEYCLOCK_REALM\",\"value\":\"darwin\"},{\"name\":\"KEYCLOAK_SERVER_URL\",\"value\":\"http://charles-keycloak-http/auth\"},{\"name\":\"KEYCLOAK_CLIENT_ID\",\"value\":\"realm-darwin\"},{\"name\":\"KEYCLOAK_CLIENT_SECRET\",\"value\":\"32e76153-d62e-403b-9105-d5a36946d807\"},{\"name\":\"ZUP_CORS_ALLOWED-ORIGINS\",\"value\":\"http://localhost:3000,http://localhost:3001,http://localhost:8081,http://localhost:8080,https://darwin.continuousplatform.com, http://35.222.121.238:3000\"}]}",
                "version": "darwin"
              }
            ],
            "name": "charles-moove",
            "namespace": "charles",
            "postrender": [],
            "recreate_pods": false,
            "render_subchart_notes": true,
            "replace": false,
            "repository": null,
            "repository_ca_file": null,
            "repository_cert_file": null,
            "repository_key_file": null,
            "repository_password": null,
            "repository_username": null,
            "reset_values": false,
            "reuse_values": false,
            "set": [],
            "set_sensitive": [],
            "set_string": [],
            "skip_crds": false,
            "status": "deployed",
            "timeout": 300,
            "values": [
              "envVars:\n  - name: SPRING_PROFILES_ACTIVE\n    value: \"k8s\"\n  - name: DB_URL\n    value: \"jdbc:postgresql://charles-postgresql:5432/charlesmoove?sslMode=disabled\"\n  - name: DB_USERNAME\n    value: \"postgres\"\n  - name: DB_PASSWORD\n    value: \"firstpassword\"\n  - name: KEYCLOCK_REALM\n    value: \"darwin\"\n  - name: KEYCLOAK_SERVER_URL\n    value: \"http://charles-keycloak-http/auth\"\n  - name: KEYCLOAK_CLIENT_ID\n    value: \"realm-darwin\"\n  - name: KEYCLOAK_CLIENT_SECRET\n    value: \"32e76153-d62e-403b-9105-d5a36946d807\"\n  - name: ZUP_CORS_ALLOWED-ORIGINS\n    value: \"http://localhost:3000,http://localhost:3001,http://localhost:8081,http://localhost:8080,https://darwin.continuousplatform.com, http://35.222.121.238:3000\""
            ],
            "verify": false,
            "version": "darwin",
            "wait": true
          },
          "private": "bnVsbA==",
          "depends_on": [
            "data.template_file.charles-moove-extravars"
          ]
        }
      ]
    },
    {
      "module": "module.charles",
      "mode": "managed",
      "type": "helm_release",
      "name": "charles-notifications",
      "provider": "provider.helm",
      "instances": [
        {
          "schema_version": 0,
          "attributes": {
            "atomic": false,
            "chart": "modules/charles/charts/darwin-notifications",
            "cleanup_on_fail": false,
            "dependency_update": false,
            "description": null,
            "devel": null,
            "disable_crd_hooks": false,
            "disable_openapi_validation": false,
            "disable_webhooks": false,
            "force_update": false,
            "id": "charles-notifications",
            "keyring": null,
            "max_history": 0,
            "metadata": [
              {
                "chart": "darwin-notifications",
                "name": "charles-notifications",
                "namespace": "charles",
                "revision": 1,
                "values": "{\"envVars\":[{\"name\":\"SPRING_PROFILES_ACTIVE\",\"value\":\"k8s\"},{\"name\":\"DB_URL\",\"value\":\"jdbc:postgresql://charles-postgresql:5432/charlesnotifications\"},{\"name\":\"DB_USERNAME\",\"value\":\"charlesnotifications\"},{\"name\":\"DB_PASSWORD\",\"value\":\"Qm8Nc11pQHylF9G4\"}]}",
                "version": "darwin"
              }
            ],
            "name": "charles-notifications",
            "namespace": "charles",
            "postrender": [],
            "recreate_pods": false,
            "render_subchart_notes": true,
            "replace": false,
            "repository": null,
            "repository_ca_file": null,
            "repository_cert_file": null,
            "repository_key_file": null,
            "repository_password": null,
            "repository_username": null,
            "reset_values": false,
            "reuse_values": false,
            "set": [],
            "set_sensitive": [],
            "set_string": [],
            "skip_crds": false,
            "status": "deployed",
            "timeout": 300,
            "values": [
              "envVars:\n  - name: SPRING_PROFILES_ACTIVE\n    value: \"k8s\"\n  - name: DB_URL\n    value: jdbc:postgresql://charles-postgresql:5432/charlesnotifications\n  - name: DB_USERNAME\n    value: charlesnotifications\n  - name: DB_PASSWORD\n    value: Qm8Nc11pQHylF9G4"
            ],
            "verify": false,
            "version": "darwin",
            "wait": true
          },
          "private": "bnVsbA==",
          "depends_on": [
            "data.template_file.charles-notifications-extravars"
          ]
        }
      ]
    },
    {
      "module": "module.postgresql",
      "mode": "managed",
      "type": "helm_release",
      "name": "charles-postgresql",
      "provider": "provider.helm",
      "instances": [
        {
          "schema_version": 0,
          "attributes": {
            "atomic": false,
            "chart": "modules/postgresql/charts/postgresql",
            "cleanup_on_fail": false,
            "dependency_update": false,
            "description": null,
            "devel": null,
            "disable_crd_hooks": false,
            "disable_openapi_validation": false,
            "disable_webhooks": false,
            "force_update": false,
            "id": "charles-postgresql",
            "keyring": null,
            "max_history": 0,
            "metadata": [
              {
                "chart": "postgresql",
                "name": "charles-postgresql",
                "namespace": "charles",
                "revision": 1,
                "values": "{\"initdbScripts\":{\"my_init_script.sql\":\"CREATE DATABASE charlesnotifications;\\nCREATE USER charlesnotifications WITH PASSWORD 'Qm8Nc11pQHylF9G4';\\nGRANT ALL PRIVILEGES ON DATABASE charlesnotifications TO charlesnotifications;\\n\\nCREATE DATABASE charlesdeploy;\\nCREATE USER charlesdeploy WITH PASSWORD '4cCegXGg6vqdBNEe';\\nGRANT ALL PRIVILEGES ON DATABASE charlesdeploy TO charlesdeploy;\\n\\nCREATE DATABASE charlescirclematcher;\\nCREATE USER charlescirclematcher WITH PASSWORD 'EuEqpgeerJzWW9T3';\\nGRANT ALL PRIVILEGES ON DATABASE charlescirclematcher TO charlescirclematcher;\\n\\nCREATE DATABASE charlesmoove;\\nCREATE USER charlesmoove WITH PASSWORD 'Qm8Nc11pQHylF9G4';\\nGRANT ALL PRIVILEGES ON DATABASE charlesmoove TO charlesmoove;\\n\"},\"postgresqlPassword\":\"firstpassword\"}",
                "version": "8.9.0"
              }
            ],
            "name": "charles-postgresql",
            "namespace": "charles",
            "postrender": [],
            "recreate_pods": false,
            "render_subchart_notes": true,
            "replace": false,
            "repository": null,
            "repository_ca_file": null,
            "repository_cert_file": null,
            "repository_key_file": null,
            "repository_password": null,
            "repository_username": null,
            "reset_values": false,
            "reuse_values": false,
            "set": [],
            "set_sensitive": [],
            "set_string": [],
            "skip_crds": false,
            "status": "deployed",
            "timeout": 300,
            "values": [
              "postgresqlPassword: \"firstpassword\"\ninitdbScripts:\n  my_init_script.sql: |\n    CREATE DATABASE charlesnotifications;\n    CREATE USER charlesnotifications WITH PASSWORD 'Qm8Nc11pQHylF9G4';\n    GRANT ALL PRIVILEGES ON DATABASE charlesnotifications TO charlesnotifications;\n\n    CREATE DATABASE charlesdeploy;\n    CREATE USER charlesdeploy WITH PASSWORD '4cCegXGg6vqdBNEe';\n    GRANT ALL PRIVILEGES ON DATABASE charlesdeploy TO charlesdeploy;\n\n    CREATE DATABASE charlescirclematcher;\n    CREATE USER charlescirclematcher WITH PASSWORD 'EuEqpgeerJzWW9T3';\n    GRANT ALL PRIVILEGES ON DATABASE charlescirclematcher TO charlescirclematcher;\n\n    CREATE DATABASE charlesmoove;\n    CREATE USER charlesmoove WITH PASSWORD 'Qm8Nc11pQHylF9G4';\n    GRANT ALL PRIVILEGES ON DATABASE charlesmoove TO charlesmoove;\n\n"
            ],
            "verify": false,
            "version": "8.9.0",
            "wait": true
          },
          "private": "bnVsbA==",
          "depends_on": [
            "data.template_file.charles-postgresql-extravars"
          ]
        }
      ]
    },
    {
      "module": "module.redis",
      "mode": "managed",
      "type": "helm_release",
      "name": "charles-redis",
      "provider": "provider.helm",
      "instances": [
        {
          "schema_version": 0,
          "attributes": {
            "atomic": false,
            "chart": "modules/redis/chart/redis",
            "cleanup_on_fail": false,
            "dependency_update": false,
            "description": null,
            "devel": null,
            "disable_crd_hooks": false,
            "disable_openapi_validation": false,
            "disable_webhooks": false,
            "force_update": false,
            "id": "charles-redis",
            "keyring": null,
            "max_history": 0,
            "metadata": [
              {
                "chart": "redis",
                "name": "charles-redis",
                "namespace": "charles",
                "revision": 1,
                "values": "null",
                "version": "10.5.12"
              }
            ],
            "name": "charles-redis",
            "namespace": "charles",
            "postrender": [],
            "recreate_pods": false,
            "render_subchart_notes": true,
            "replace": false,
            "repository": null,
            "repository_ca_file": null,
            "repository_cert_file": null,
            "repository_key_file": null,
            "repository_password": null,
            "repository_username": null,
            "reset_values": false,
            "reuse_values": false,
            "set": [],
            "set_sensitive": [],
            "set_string": [],
            "skip_crds": false,
            "status": "deployed",
            "timeout": 300,
            "values": null,
            "verify": false,
            "version": "10.5.12",
            "wait": true
          },
          "private": "bnVsbA=="
        }
      ]
    },
    {
      "module": "module.tyk",
      "mode": "managed",
      "type": "helm_release",
      "name": "charles-tyk",
      "provider": "provider.helm",
      "instances": [
        {
          "schema_version": 0,
          "attributes": {
            "atomic": false,
            "chart": "modules/tyk/charts/tyk-darwin",
            "cleanup_on_fail": false,
            "dependency_update": false,
            "description": null,
            "devel": null,
            "disable_crd_hooks": false,
            "disable_openapi_validation": false,
            "disable_webhooks": false,
            "force_update": false,
            "id": "charles-tyk",
            "keyring": null,
            "max_history": 0,
            "metadata": [
              {
                "chart": "tyk-darwin",
                "name": "charles-tyk",
                "namespace": "charles",
                "revision": 2,
                "values": "{\"tyk\":{\"address\":{\"api\":\"charles-api.continuousplatform.com\",\"keycloak\":\"charles-keycloak.continuousplatform.com\",\"spinnakerdeck\":\"charles-spinnaker.continuousplatform.com\",\"spinnakergate\":\"charles-spinnaker-gate.continuousplatform.com\",\"web\":\"charles.continuousplatform.com\"},\"gw_secret\":\"cijlkdsjfaj3q0089qzup\",\"port\":8080,\"redis_password\":\"firstpassword\",\"redis_port\":\"6379\",\"redis_server\":\"charles-redis-master\",\"redis_username\":\"redis\"}}",
                "version": "0.1.4"
              }
            ],
            "name": "charles-tyk",
            "namespace": "charles",
            "postrender": [],
            "recreate_pods": false,
            "render_subchart_notes": true,
            "replace": false,
            "repository": null,
            "repository_ca_file": null,
            "repository_cert_file": null,
            "repository_key_file": null,
            "repository_password": null,
            "repository_username": null,
            "reset_values": false,
            "reuse_values": false,
            "set": [],
            "set_sensitive": [],
            "set_string": [],
            "skip_crds": false,
            "status": "deployed",
            "timeout": 300,
            "values": [
              "tyk:\n  port: 8080\n  gw_secret: \"cijlkdsjfaj3q0089qzup\"\n  redis_server: \"charles-redis-master\"\n  redis_port: \"6379\"\n  redis_username: \"redis\"\n  redis_password: \"firstpassword\"\n  address: \n    api: charles-api.continuousplatform.com\n    spinnakerdeck: charles-spinnaker.continuousplatform.com\n    spinnakergate: charles-spinnaker-gate.continuousplatform.com\n    web: charles.continuousplatform.com\n    keycloak : charles-keycloak.continuousplatform.com"
            ],
            "verify": false,
            "version": "0.1.4",
            "wait": true
          },
          "private": "bnVsbA==",
          "depends_on": [
            "data.template_file.charles-tyk-extravars"
          ]
        }
      ]
    },
    {
      "module": "module.charles",
      "mode": "managed",
      "type": "helm_release",
      "name": "charles-ui-legacy",
      "provider": "provider.helm",
      "instances": [
        {
          "schema_version": 0,
          "attributes": {
            "atomic": false,
            "chart": "modules/charles/charts/darwin-ui-legacy",
            "cleanup_on_fail": false,
            "dependency_update": false,
            "description": null,
            "devel": null,
            "disable_crd_hooks": false,
            "disable_openapi_validation": false,
            "disable_webhooks": false,
            "force_update": false,
            "id": "charles-ui-legacy",
            "keyring": null,
            "max_history": 0,
            "metadata": [
              {
                "chart": "darwin-ui-legacy",
                "name": "charles-ui-legacy",
                "namespace": "charles",
                "revision": 1,
                "values": "null",
                "version": "darwin"
              }
            ],
            "name": "charles-ui-legacy",
            "namespace": "charles",
            "postrender": [],
            "recreate_pods": false,
            "render_subchart_notes": true,
            "replace": false,
            "repository": null,
            "repository_ca_file": null,
            "repository_cert_file": null,
            "repository_key_file": null,
            "repository_password": null,
            "repository_username": null,
            "reset_values": false,
            "reuse_values": false,
            "set": [],
            "set_sensitive": [],
            "set_string": [],
            "skip_crds": false,
            "status": "deployed",
            "timeout": 300,
            "values": null,
            "verify": false,
            "version": "darwin",
            "wait": true
          },
          "private": "bnVsbA=="
        }
      ]
    },
    {
      "module": "module.charles",
      "mode": "managed",
      "type": "helm_release",
      "name": "charles-ui-new",
      "provider": "provider.helm",
      "instances": [
        {
          "schema_version": 0,
          "attributes": {
            "atomic": false,
            "chart": "modules/charles/charts/darwin-ui-new",
            "cleanup_on_fail": false,
            "dependency_update": false,
            "description": null,
            "devel": null,
            "disable_crd_hooks": false,
            "disable_openapi_validation": false,
            "disable_webhooks": false,
            "force_update": false,
            "id": "charles-ui-new",
            "keyring": null,
            "max_history": 0,
            "metadata": [
              {
                "chart": "darwin-ui-new",
                "name": "charles-ui-new",
                "namespace": "charles",
                "revision": 1,
                "values": "null",
                "version": "darwin"
              }
            ],
            "name": "charles-ui-new",
            "namespace": "charles",
            "postrender": [],
            "recreate_pods": false,
            "render_subchart_notes": true,
            "replace": false,
            "repository": null,
            "repository_ca_file": null,
            "repository_cert_file": null,
            "repository_key_file": null,
            "repository_password": null,
            "repository_username": null,
            "reset_values": false,
            "reuse_values": false,
            "set": [],
            "set_sensitive": [],
            "set_string": [],
            "skip_crds": false,
            "status": "deployed",
            "timeout": 300,
            "values": null,
            "verify": false,
            "version": "darwin",
            "wait": true
          },
          "private": "bnVsbA=="
        }
      ]
    },
    {
      "mode": "managed",
      "type": "kubernetes_namespace",
      "name": "charles",
      "provider": "provider.kubernetes",
      "instances": [
        {
          "schema_version": 0,
          "attributes": {
            "id": "charles",
            "metadata": [
              {
                "annotations": {},
                "generate_name": "",
                "generation": 0,
                "labels": {
                  "istio-injection": "enabled"
                },
                "name": "charles",
                "resource_version": "1696",
                "self_link": "/api/v1/namespaces/charles",
                "uid": "5743b05c-6d2b-4bb6-bcec-bbb24317b32d"
              }
            ],
            "timeouts": null
          },
          "private": "eyJlMmJmYjczMC1lY2FhLTExZTYtOGY4OC0zNDM2M2JjN2M0YzAiOnsiZGVsZXRlIjozMDAwMDAwMDAwMDB9fQ=="
        }
      ]
    },
    {
      "mode": "managed",
      "type": "random_password",
      "name": "charlesdeploy_password",
      "provider": "provider.random",
      "instances": [
        {
          "schema_version": 0,
          "attributes": {
            "id": "none",
            "keepers": null,
            "length": 16,
            "lower": true,
            "min_lower": 0,
            "min_numeric": 0,
            "min_special": 0,
            "min_upper": 0,
            "number": true,
            "override_special": "_%@/",
            "result": "4cCegXGg6vqdBNEe",
            "special": false,
            "upper": true
          },
          "private": "bnVsbA=="
        }
      ]
    },
    {
      "mode": "managed",
      "type": "random_password",
      "name": "charlesmoove_password",
      "provider": "provider.random",
      "instances": [
        {
          "schema_version": 0,
          "attributes": {
            "id": "none",
            "keepers": null,
            "length": 16,
            "lower": true,
            "min_lower": 0,
            "min_numeric": 0,
            "min_special": 0,
            "min_upper": 0,
            "number": true,
            "override_special": "_%@/",
            "result": "ZPEmIdMy1wJCTOMZ",
            "special": false,
            "upper": true
          },
          "private": "bnVsbA=="
        }
      ]
    },
    {
      "mode": "managed",
      "type": "random_password",
      "name": "charlesnotifications_password",
      "provider": "provider.random",
      "instances": [
        {
          "schema_version": 0,
          "attributes": {
            "id": "none",
            "keepers": null,
            "length": 16,
            "lower": true,
            "min_lower": 0,
            "min_numeric": 0,
            "min_special": 0,
            "min_upper": 0,
            "number": true,
            "override_special": "_%@/",
            "result": "Qm8Nc11pQHylF9G4",
            "special": false,
            "upper": true
          },
          "private": "bnVsbA=="
        }
      ]
    },
    {
      "mode": "managed",
      "type": "random_password",
      "name": "charlesvillager_password",
      "provider": "provider.random",
      "instances": [
        {
          "schema_version": 0,
          "attributes": {
            "id": "none",
            "keepers": null,
            "length": 16,
            "lower": true,
            "min_lower": 0,
            "min_numeric": 0,
            "min_special": 0,
            "min_upper": 0,
            "number": true,
            "override_special": "_%@/",
            "result": "EuEqpgeerJzWW9T3",
            "special": false,
            "upper": true
          },
          "private": "bnVsbA=="
        }
      ]
    }
  ]
}
