{
  "version": 4,
  "terraform_version": "0.12.13",
  "serial": 38,
  "lineage": "f8e9bc43-46a5-445b-1be2-abd7b4e7f609",
  "outputs": {
    "cluster_name": {
      "value": "charlescd",
      "type": "string"
    },
    "cluster_region": {
      "value": "us-central1",
      "type": "string"
    },
    "network": {
      "value": "https://www.googleapis.com/compute/v1/projects/charles-cd/global/networks/charles-cd",
      "type": "string"
    },
    "subnetwork_name": {
      "value": "charles-cd",
      "type": "string"
    }
  },
  "resources": [
    {
      "mode": "data",
      "type": "google_client_config",
      "name": "current",
      "provider": "provider.google",
      "instances": [
        {
          "schema_version": 0,
          "attributes": {
            "access_token": "ya29.a0Ae4lvC27J0EO8QezgVpm3HfHsDj9U-PydyvvzhVFJwqdhByKVMfL_b0doVqxIR2Mtg4XUWkO50CnqsiJ18sPanwOXA-o7_UlUVcZAw7ZouIyeK1QXrq0s7oA2N01KMTUsaDV-tMTXY2MvLOYihyUxe80XAw4SsJMY1Q",
            "id": "2020-04-27 20:50:24.566519 +0000 UTC",
            "project": "charles-cd",
            "region": "us-central1",
            "zone": ""
          }
        }
      ]
    },
    {
      "mode": "data",
      "type": "google_container_engine_versions",
      "name": "default",
      "provider": "provider.google",
      "instances": [
        {
          "schema_version": 0,
          "attributes": {
            "default_cluster_version": "1.14.10-gke.27",
            "id": "2020-04-27 20:50:25.735461 +0000 UTC",
            "latest_master_version": "1.15.11-gke.9",
            "latest_node_version": "1.15.11-gke.9",
            "location": "us-central1",
            "project": null,
            "region": null,
            "valid_master_versions": [
              "1.15.11-gke.9",
              "1.15.11-gke.5",
              "1.15.11-gke.3",
              "1.15.11-gke.1",
              "1.15.9-gke.26",
              "1.15.9-gke.24",
              "1.14.10-gke.36",
              "1.14.10-gke.34",
              "1.14.10-gke.32",
              "1.14.10-gke.31",
              "1.14.10-gke.27"
            ],
            "valid_node_versions": [
              "1.15.11-gke.9",
              "1.15.11-gke.5",
              "1.15.11-gke.3",
              "1.15.11-gke.1",
              "1.15.9-gke.26",
              "1.15.9-gke.24",
              "1.15.9-gke.22",
              "1.15.9-gke.12",
              "1.15.9-gke.9",
              "1.15.9-gke.8",
              "1.15.8-gke.3",
              "1.15.8-gke.2",
              "1.15.7-gke.23",
              "1.15.7-gke.2",
              "1.15.4-gke.22",
              "1.14.10-gke.36",
              "1.14.10-gke.34",
              "1.14.10-gke.32",
              "1.14.10-gke.31",
              "1.14.10-gke.27",
              "1.14.10-gke.24",
              "1.14.10-gke.22",
              "1.14.10-gke.21",
              "1.14.10-gke.17",
              "1.14.10-gke.0",
              "1.14.9-gke.23",
              "1.14.9-gke.2",
              "1.14.9-gke.0",
              "1.14.8-gke.33",
              "1.14.8-gke.21",
              "1.14.8-gke.18",
              "1.14.8-gke.17",
              "1.14.8-gke.14",
              "1.14.8-gke.12",
              "1.14.8-gke.7",
              "1.14.8-gke.2",
              "1.14.7-gke.40",
              "1.14.7-gke.25",
              "1.14.7-gke.23",
              "1.14.7-gke.17",
              "1.14.7-gke.14",
              "1.14.7-gke.10",
              "1.14.6-gke.13",
              "1.14.6-gke.2",
              "1.14.6-gke.1",
              "1.14.3-gke.11",
              "1.14.3-gke.10",
              "1.14.3-gke.9",
              "1.14.2-gke.9",
              "1.14.1-gke.5",
              "1.13.12-gke.30",
              "1.13.12-gke.25",
              "1.13.12-gke.17",
              "1.13.12-gke.16",
              "1.13.12-gke.14",
              "1.13.12-gke.13",
              "1.13.12-gke.10",
              "1.13.12-gke.8",
              "1.13.12-gke.4",
              "1.13.12-gke.2",
              "1.13.11-gke.23",
              "1.13.11-gke.15",
              "1.13.11-gke.14",
              "1.13.11-gke.12",
              "1.13.11-gke.11",
              "1.13.11-gke.9",
              "1.13.11-gke.5",
              "1.13.10-gke.7",
              "1.13.10-gke.0",
              "1.13.9-gke.11",
              "1.13.9-gke.3",
              "1.13.7-gke.24",
              "1.13.7-gke.19",
              "1.13.7-gke.15",
              "1.13.7-gke.8",
              "1.13.7-gke.0",
              "1.13.6-gke.13",
              "1.13.6-gke.6",
              "1.13.6-gke.5",
              "1.13.6-gke.0",
              "1.13.5-gke.10",
              "1.12.10-gke.22",
              "1.12.10-gke.20",
              "1.12.10-gke.19",
              "1.12.10-gke.18",
              "1.12.10-gke.17",
              "1.12.10-gke.15",
              "1.12.10-gke.13",
              "1.12.10-gke.11",
              "1.12.10-gke.5",
              "1.12.9-gke.16",
              "1.12.9-gke.15",
              "1.12.9-gke.13",
              "1.12.9-gke.10",
              "1.12.9-gke.7",
              "1.12.9-gke.3",
              "1.12.8-gke.12",
              "1.12.8-gke.10",
              "1.12.8-gke.7",
              "1.12.8-gke.6",
              "1.12.7-gke.26",
              "1.12.7-gke.25",
              "1.12.7-gke.24",
              "1.12.7-gke.22",
              "1.12.7-gke.21",
              "1.12.7-gke.17",
              "1.12.7-gke.10",
              "1.12.7-gke.7",
              "1.12.6-gke.11",
              "1.12.6-gke.10",
              "1.12.6-gke.7",
              "1.12.5-gke.10",
              "1.12.5-gke.5",
              "1.11.10-gke.6",
              "1.11.10-gke.5",
              "1.11.10-gke.4",
              "1.11.9-gke.13",
              "1.11.9-gke.8",
              "1.11.9-gke.5",
              "1.11.8-gke.10",
              "1.11.8-gke.6",
              "1.11.8-gke.5",
              "1.11.8-gke.4",
              "1.11.7-gke.18",
              "1.11.7-gke.12",
              "1.11.7-gke.6",
              "1.11.7-gke.4",
              "1.11.6-gke.16",
              "1.11.6-gke.11",
              "1.11.6-gke.6",
              "1.11.6-gke.3",
              "1.11.6-gke.2",
              "1.11.6-gke.0",
              "1.11.5-gke.5",
              "1.11.5-gke.4",
              "1.11.4-gke.13",
              "1.11.4-gke.12",
              "1.11.4-gke.8",
              "1.11.3-gke.24",
              "1.11.3-gke.23",
              "1.11.3-gke.18",
              "1.11.2-gke.26",
              "1.11.2-gke.25",
              "1.11.2-gke.20",
              "1.11.2-gke.18",
              "1.11.2-gke.15",
              "1.11.2-gke.9",
              "1.10.12-gke.14",
              "1.10.12-gke.9",
              "1.10.12-gke.7",
              "1.10.12-gke.1",
              "1.10.12-gke.0",
              "1.10.11-gke.1",
              "1.10.9-gke.7",
              "1.10.9-gke.5",
              "1.10.9-gke.3",
              "1.10.9-gke.0",
              "1.10.7-gke.13",
              "1.10.7-gke.11",
              "1.10.7-gke.9",
              "1.10.7-gke.6",
              "1.10.7-gke.2",
              "1.10.7-gke.1",
              "1.10.6-gke.13",
              "1.10.6-gke.11",
              "1.10.6-gke.9",
              "1.10.6-gke.6",
              "1.10.6-gke.4",
              "1.10.6-gke.3",
              "1.10.6-gke.2",
              "1.10.6-gke.1",
              "1.10.5-gke.4",
              "1.10.5-gke.3",
              "1.10.5-gke.2",
              "1.10.5-gke.0",
              "1.10.4-gke.3",
              "1.10.4-gke.2",
              "1.10.4-gke.0",
              "1.10.2-gke.4",
              "1.10.2-gke.3",
              "1.10.2-gke.1",
              "1.9.7-gke.11",
              "1.9.7-gke.7",
              "1.9.7-gke.6",
              "1.9.7-gke.5",
              "1.9.7-gke.4",
              "1.9.7-gke.3",
              "1.9.7-gke.1",
              "1.9.7-gke.0",
              "1.9.6-gke.2",
              "1.9.6-gke.1",
              "1.9.3-gke.0",
              "1.8.12-gke.3",
              "1.8.12-gke.2",
              "1.8.12-gke.1",
              "1.8.12-gke.0",
              "1.8.10-gke.2",
              "1.8.10-gke.0",
              "1.8.9-gke.1",
              "1.8.8-gke.0",
              "1.7.15-gke.0",
              "1.7.12-gke.2",
              "1.6.13-gke.1"
            ],
            "version_prefix": null,
            "zone": null
          }
        }
      ]
    },
    {
      "module": "module.keycloak",
      "mode": "data",
      "type": "template_file",
      "name": "charles-keycloak-extravars",
      "provider": "provider.template",
      "instances": [
        {
          "schema_version": 0,
          "attributes": {
            "filename": null,
            "id": "e4e680bc362afe4f8a7a9d13383ad6b722d1acb452a1cc40627f51d2b43e39ac",
            "rendered": "keycloak:\n    password: firstpassword\n    persistence:\n        dbPassword: firstpassword",
            "template": "keycloak:\n    password: ${keycloak_password}\n    persistence:\n        dbPassword: ${keycloak_password}",
            "vars": {
              "keycloak_password": "firstpassword"
            }
          }
        }
      ]
    },
    {
      "module": "module.charles",
      "mode": "data",
      "type": "template_file",
      "name": "charles-moove-extravars",
      "provider": "provider.template",
      "instances": [
        {
          "schema_version": 0,
          "attributes": {
            "filename": null,
            "id": "bf487d2752452915127ce22220ad85f3c42a863327019e8978c7c3f123d26205",
            "rendered": "envVars:\n  - name: SPRING_PROFILES_ACTIVE\n    value: \"k8s\"\n  - name: DB_URL\n    value: \"jdbc:postgresql://charles-postgresql:5432/charlesmoove?sslMode=disabled\"\n  - name: DB_USERNAME\n    value: \"postgres\"\n  - name: DB_PASSWORD\n    value: \"firstpassword\"\n  - name: KEYCLOCK_REALM\n    value: \"darwin\"\n  - name: KEYCLOAK_SERVER_URL\n    value: \"http://charles-keycloak-http/auth\"\n  - name: KEYCLOAK_CLIENT_ID\n    value: \"realm-darwin\"\n  - name: KEYCLOAK_CLIENT_SECRET\n    value: \"32e76153-d62e-403b-9105-d5a36946d807\"\n  - name: ZUP_CORS_ALLOWED-ORIGINS\n    value: \"http://localhost:3000,http://localhost:3001,http://localhost:8081,http://localhost:8080,https://darwin.continuousplatform.com, http://35.222.121.238:3000\"",
            "template": "envVars:\n  - name: SPRING_PROFILES_ACTIVE\n    value: \"k8s\"\n  - name: DB_URL\n    value: \"jdbc:postgresql://charles-postgresql:5432/${db-moove-username}?sslMode=disabled\"\n  - name: DB_USERNAME\n    value: \"postgres\"\n  - name: DB_PASSWORD\n    value: \"firstpassword\"\n  - name: KEYCLOCK_REALM\n    value: \"darwin\"\n  - name: KEYCLOAK_SERVER_URL\n    value: \"http://charles-keycloak-http/auth\"\n  - name: KEYCLOAK_CLIENT_ID\n    value: \"realm-darwin\"\n  - name: KEYCLOAK_CLIENT_SECRET\n    value: \"32e76153-d62e-403b-9105-d5a36946d807\"\n  - name: ZUP_CORS_ALLOWED-ORIGINS\n    value: \"http://localhost:3000,http://localhost:3001,http://localhost:8081,http://localhost:8080,https://darwin.continuousplatform.com, http://35.222.121.238:3000\"",
            "vars": {
              "db-moove-password": "7k6fMgUYTPdWrxY8",
              "db-moove-username": "charlesmoove"
            }
          }
        }
      ]
    },
    {
      "module": "module.charles",
      "mode": "data",
      "type": "template_file",
      "name": "charles-notifications-extravars",
      "provider": "provider.template",
      "instances": [
        {
          "schema_version": 0,
          "attributes": {
            "filename": null,
            "id": "7d36f33a4dcab3498f33a820f89af6a5bd4c88f6a176b3009c896178ba34708a",
            "rendered": "envVars:\n  - name: SPRING_PROFILES_ACTIVE\n    value: \"k8s\"\n  - name: DB_URL\n    value: jdbc:postgresql://charles-postgresql:5432/charlesnotifications\n  - name: DB_USERNAME\n    value: charlesnotifications\n  - name: DB_PASSWORD\n    value: 7k6fMgUYTPdWrxY8",
            "template": "envVars:\n  - name: SPRING_PROFILES_ACTIVE\n    value: \"k8s\"\n  - name: DB_URL\n    value: jdbc:postgresql://charles-postgresql:5432/${db-notifications-user}\n  - name: DB_USERNAME\n    value: ${db-notifications-user}\n  - name: DB_PASSWORD\n    value: ${db-notifications-pass}",
            "vars": {
              "db-notifications-pass": "7k6fMgUYTPdWrxY8",
              "db-notifications-user": "charlesnotifications"
            }
          }
        }
      ]
    },
    {
      "module": "module.postgresql",
      "mode": "data",
      "type": "template_file",
      "name": "charles-postgresql-extravars",
      "provider": "provider.template",
      "instances": [
        {
          "schema_version": 0,
          "attributes": {
            "filename": null,
            "id": "cff3d14e17901a371d6ab97e32019a54f978accaa6a6a3cc11951f9c56baf3ba",
            "rendered": "postgresqlPassword: \"firstpassword\"\ninitdbScripts:\n  my_init_script.sql: |\n    CREATE DATABASE charlesnotifications;\n    CREATE USER charlesnotifications WITH PASSWORD '7k6fMgUYTPdWrxY8';\n    GRANT ALL PRIVILEGES ON DATABASE charlesnotifications TO charlesnotifications;\n\n    CREATE DATABASE charlesdeploy;\n    CREATE USER charlesdeploy WITH PASSWORD 'dUhYRbKJyMEzEqCH';\n    GRANT ALL PRIVILEGES ON DATABASE charlesdeploy TO charlesdeploy;\n\n    CREATE DATABASE charlescirclematcher;\n    CREATE USER charlescirclematcher WITH PASSWORD '4BbqwSe4G8LCj1A8';\n    GRANT ALL PRIVILEGES ON DATABASE charlescirclematcher TO charlescirclematcher;\n\n    CREATE DATABASE charlesmoove;\n    CREATE USER charlesmoove WITH PASSWORD '7k6fMgUYTPdWrxY8';\n    GRANT ALL PRIVILEGES ON DATABASE charlesmoove TO charlesmoove;\n\n",
            "template": "postgresqlPassword: \"${postgres_password}\"\ninitdbScripts:\n  my_init_script.sql: |\n    CREATE DATABASE ${db-notifications-username};\n    CREATE USER ${db-notifications-username} WITH PASSWORD '${db-notifications-password}';\n    GRANT ALL PRIVILEGES ON DATABASE ${db-notifications-username} TO ${db-notifications-username};\n\n    CREATE DATABASE ${db-deploy-username};\n    CREATE USER ${db-deploy-username} WITH PASSWORD '${db-deploy-password}';\n    GRANT ALL PRIVILEGES ON DATABASE ${db-deploy-username} TO ${db-deploy-username};\n\n    CREATE DATABASE ${db-circle-matcher-username};\n    CREATE USER ${db-circle-matcher-username} WITH PASSWORD '${db-circle-matcher-password}';\n    GRANT ALL PRIVILEGES ON DATABASE ${db-circle-matcher-username} TO ${db-circle-matcher-username};\n\n    CREATE DATABASE ${db-moove-username};\n    CREATE USER ${db-moove-username} WITH PASSWORD '${db-moove-password}';\n    GRANT ALL PRIVILEGES ON DATABASE ${db-moove-username} TO ${db-moove-username};\n\n",
            "vars": {
              "db-circle-matcher-password": "4BbqwSe4G8LCj1A8",
              "db-circle-matcher-username": "charlescirclematcher",
              "db-deploy-password": "dUhYRbKJyMEzEqCH",
              "db-deploy-username": "charlesdeploy",
              "db-moove-password": "7k6fMgUYTPdWrxY8",
              "db-moove-username": "charlesmoove",
              "db-notifications-password": "7k6fMgUYTPdWrxY8",
              "db-notifications-username": "charlesnotifications",
              "postgres_password": "firstpassword"
            }
          }
        }
      ]
    },
    {
      "mode": "managed",
      "type": "google_compute_network",
      "name": "default",
      "provider": "provider.google",
      "instances": [
        {
          "schema_version": 0,
          "attributes": {
            "auto_create_subnetworks": false,
            "delete_default_routes_on_create": false,
            "description": "",
            "gateway_ipv4": "",
            "id": "projects/charles-cd/global/networks/charles-cd",
            "ipv4_range": null,
            "name": "charles-cd",
            "project": "charles-cd",
            "routing_mode": "REGIONAL",
            "self_link": "https://www.googleapis.com/compute/v1/projects/charles-cd/global/networks/charles-cd",
            "timeouts": null
          },
          "private": "eyJlMmJmYjczMC1lY2FhLTExZTYtOGY4OC0zNDM2M2JjN2M0YzAiOnsiY3JlYXRlIjoyNDAwMDAwMDAwMDAsImRlbGV0ZSI6MjQwMDAwMDAwMDAwLCJ1cGRhdGUiOjI0MDAwMDAwMDAwMH19"
        }
      ]
    },
    {
      "mode": "managed",
      "type": "google_compute_subnetwork",
      "name": "default",
      "provider": "provider.google",
      "instances": [
        {
          "schema_version": 0,
          "attributes": {
            "creation_timestamp": "2020-04-27T12:35:01.817-07:00",
            "description": "",
            "enable_flow_logs": null,
            "fingerprint": "OyBxRKssJFw=",
            "gateway_address": "10.127.0.1",
            "id": "projects/charles-cd/regions/us-central1/subnetworks/charles-cd",
            "ip_cidr_range": "10.127.0.0/20",
            "log_config": [],
            "name": "charles-cd",
            "network": "https://www.googleapis.com/compute/v1/projects/charles-cd/global/networks/charles-cd",
            "private_ip_google_access": true,
            "project": "charles-cd",
            "region": "us-central1",
            "secondary_ip_range": [],
            "self_link": "https://www.googleapis.com/compute/v1/projects/charles-cd/regions/us-central1/subnetworks/charles-cd",
            "timeouts": null
          },
          "private": "eyJlMmJmYjczMC1lY2FhLTExZTYtOGY4OC0zNDM2M2JjN2M0YzAiOnsiY3JlYXRlIjozNjAwMDAwMDAwMDAsImRlbGV0ZSI6MzYwMDAwMDAwMDAwLCJ1cGRhdGUiOjM2MDAwMDAwMDAwMH19",
          "depends_on": [
            "google_compute_network.default"
          ]
        }
      ]
    },
    {
      "mode": "managed",
      "type": "google_container_cluster",
      "name": "default",
      "provider": "provider.google-beta",
      "instances": [
        {
          "schema_version": 1,
          "attributes": {
            "additional_zones": null,
            "addons_config": [
              {
                "cloudrun_config": [],
                "horizontal_pod_autoscaling": [],
                "http_load_balancing": [],
                "istio_config": [
                  {
                    "auth": "AUTH_MUTUAL_TLS",
                    "disabled": false
                  }
                ],
                "kubernetes_dashboard": [],
                "network_policy_config": [
                  {
                    "disabled": true
                  }
                ]
              }
            ],
            "authenticator_groups_config": [],
            "cluster_autoscaling": [
              {
                "enabled": false,
                "resource_limits": []
              }
            ],
            "cluster_ipv4_cidr": "10.0.0.0/14",
            "database_encryption": [
              {
                "key_name": "",
                "state": "DECRYPTED"
              }
            ],
            "default_max_pods_per_node": 110,
            "description": "",
            "enable_binary_authorization": false,
            "enable_intranode_visibility": false,
            "enable_kubernetes_alpha": false,
            "enable_legacy_abac": false,
            "enable_shielded_nodes": false,
            "enable_tpu": false,
            "endpoint": "35.239.159.253",
            "id": "projects/charles-cd/locations/us-central1/clusters/charlescd",
            "initial_node_count": 1,
            "instance_group_urls": [
              "https://www.googleapis.com/compute/beta/projects/charles-cd/zones/us-central1-f/instanceGroups/gke-charlescd-default-pool-4bcdb995-grp",
              "https://www.googleapis.com/compute/beta/projects/charles-cd/zones/us-central1-c/instanceGroups/gke-charlescd-default-pool-790d5a48-grp"
            ],
            "ip_allocation_policy": [],
            "location": "us-central1",
            "logging_service": "logging.googleapis.com/kubernetes",
            "maintenance_policy": [],
            "master_auth": [
              {
                "client_certificate": "",
                "client_certificate_config": [
                  {
                    "issue_client_certificate": false
                  }
                ],
                "client_key": "",
                "cluster_ca_certificate": "LS0tLS1CRUdJTiBDRVJUSUZJQ0FURS0tLS0tCk1JSURERENDQWZTZ0F3SUJBZ0lSQVBtbVovSzl6a0RDMUJVOSt6VzZ4bE13RFFZSktvWklodmNOQVFFTEJRQXcKTHpFdE1Dc0dBMVVFQXhNa01ETmxOVEV6WVdJdFpHWmpNaTAwWTJJMExXSXhZek10WVdJd09Ua3lPR05rTlRSbApNQjRYRFRJd01EUXlOekU0TXpVek1Gb1hEVEkxTURReU5qRTVNelV6TUZvd0x6RXRNQ3NHQTFVRUF4TWtNRE5sCk5URXpZV0l0Wkdaak1pMDBZMkkwTFdJeFl6TXRZV0l3T1RreU9HTmtOVFJsTUlJQklqQU5CZ2txaGtpRzl3MEIKQVFFRkFBT0NBUThBTUlJQkNnS0NBUUVBakZOS0tDK0U4MndvQS9QS3VqaFZTejR1UFBTSFFnakQrK3k5aytvNwpSV3E2QzcxOFVVNWxVNXJnWDVha01ZRmY1eVFnbzRWN3RnRnUrSS93TG4yamNXMTZHUFljekNlZW5oZ2pvQnJuCkEvaFIwdlhBd015MEd1TjJpemNzeGJUcU92S2UxVWRPTHBpcVBUVWk2NnJYTStMZkFKdSt1K1FjdW1uekNkclkKc3hMejFFUmFXcnF1MU1wcUhUNk53Q2YwSXdWNnk2T0QzM1VHNS9zRjhLTGh0SUlaL3VQVXJ6dWlMMmltZW9QRwowUjA4cUx4ZWxSc3U4S1oyMFVMOWhCekV3d1N4SnMwbGQxVkgyL0NuZ2VBR1cyaUxLZE5tVmdJLytwZkkrMnpkCmZrNldETVRqSDBUWXZXN2Z1ZGkvQlhEd2R3QzBxMzJjZWNyN3hlcEFaQnhpZXdJREFRQUJveU13SVRBT0JnTlYKSFE4QkFmOEVCQU1DQWdRd0R3WURWUjBUQVFIL0JBVXdBd0VCL3pBTkJna3Foa2lHOXcwQkFRc0ZBQU9DQVFFQQplWVlhSjlhVDVXNlVSY050blMvTW50blJ6eVpFMHBQdVA5V0tBZitZKy9tbURPNW81SXM4UkNQS1dXZ1FUMm5MCllKQ3VyZmw3a1BtYVZKdG1kY2hrRlA2QkY3bTJoYzQ0VlUva1JmNzdTV1UzTytQQ3BGTVRoSktoMjZ5UGlZaGkKV2hXanZLM3dXKzRCNFZPUFVhV1NsWXBtOGtRUEVJbmtERzVQSTBDUlZyK1BGOVl2Q1lxdGpOK09KRERvQ2hrbQp4TUFiVmZURHJXa0IzWkdqRElSV2ROcjhLRkd0ekZtT3N0UmluMVNNMlhrY1lYU2xteUg4UXc2eE9EZW5ranh1ClBhR242emUwcUlWVlNzaWxaWWh5aEdoMHlDOE9jYTNYYUI1T084QThRYUo2TnRIUjBRL0hkbVE0ejM4ejlkengKcnM0WlNpb0l4SUIzTHBoVHRMQ2hIdz09Ci0tLS0tRU5EIENFUlRJRklDQVRFLS0tLS0K",
                "password": "",
                "username": ""
              }
            ],
            "master_authorized_networks_config": [],
            "master_version": "1.15.11-gke.9",
            "min_master_version": "1.15.11-gke.9",
            "monitoring_service": "monitoring.googleapis.com/kubernetes",
            "name": "charlescd",
            "network": "projects/charles-cd/global/networks/charles-cd",
            "network_policy": [
              {
                "enabled": false,
                "provider": "PROVIDER_UNSPECIFIED"
              }
            ],
            "node_config": [
              {
                "disk_size_gb": 20,
                "disk_type": "pd-standard",
                "guest_accelerator": [],
                "image_type": "COS",
                "labels": {},
                "local_ssd_count": 0,
                "machine_type": "n1-standard-2",
                "metadata": {
                  "disable-legacy-endpoints": "true"
                },
                "min_cpu_platform": "",
                "oauth_scopes": [
                  "https://www.googleapis.com/auth/logging.write",
                  "https://www.googleapis.com/auth/monitoring"
                ],
                "preemptible": false,
                "sandbox_config": [],
                "service_account": "default",
                "shielded_instance_config": [
                  {
                    "enable_integrity_monitoring": true,
                    "enable_secure_boot": false
                  }
                ],
                "tags": [],
                "taint": [],
                "workload_metadata_config": []
              }
            ],
            "node_locations": [
              "us-central1-c",
              "us-central1-f"
            ],
            "node_pool": [
              {
                "autoscaling": [],
                "initial_node_count": 1,
                "instance_group_urls": [
                  "https://www.googleapis.com/compute/v1/projects/charles-cd/zones/us-central1-f/instanceGroupManagers/gke-charlescd-default-pool-4bcdb995-grp",
                  "https://www.googleapis.com/compute/v1/projects/charles-cd/zones/us-central1-c/instanceGroupManagers/gke-charlescd-default-pool-790d5a48-grp"
                ],
                "management": [
                  {
                    "auto_repair": false,
                    "auto_upgrade": true
                  }
                ],
                "max_pods_per_node": 0,
                "name": "default-pool",
                "name_prefix": "",
                "node_config": [
                  {
                    "disk_size_gb": 20,
                    "disk_type": "pd-standard",
                    "guest_accelerator": [],
                    "image_type": "COS",
                    "labels": {},
                    "local_ssd_count": 0,
                    "machine_type": "n1-standard-2",
                    "metadata": {
                      "disable-legacy-endpoints": "true"
                    },
                    "min_cpu_platform": "",
                    "oauth_scopes": [
                      "https://www.googleapis.com/auth/logging.write",
                      "https://www.googleapis.com/auth/monitoring"
                    ],
                    "preemptible": false,
                    "sandbox_config": [],
                    "service_account": "default",
                    "shielded_instance_config": [
                      {
                        "enable_integrity_monitoring": true,
                        "enable_secure_boot": false
                      }
                    ],
                    "tags": [],
                    "taint": [],
                    "workload_metadata_config": []
                  }
                ],
                "node_count": 1,
                "node_locations": [
                  "us-central1-c",
                  "us-central1-f"
                ],
                "version": "1.15.11-gke.9"
              }
            ],
            "node_version": "1.15.11-gke.9",
            "pod_security_policy_config": [],
            "private_cluster_config": [],
            "project": "charles-cd",
            "region": null,
            "release_channel": [
              {
                "channel": "UNSPECIFIED"
              }
            ],
            "remove_default_node_pool": null,
            "resource_labels": {},
            "resource_usage_export_config": [],
            "services_ipv4_cidr": "10.3.240.0/20",
            "subnetwork": "projects/charles-cd/regions/us-central1/subnetworks/charles-cd",
            "timeouts": null,
            "tpu_ipv4_cidr_block": "",
            "vertical_pod_autoscaling": [],
            "workload_identity_config": [],
            "zone": null
          },
          "private": "eyJlMmJmYjczMC1lY2FhLTExZTYtOGY4OC0zNDM2M2JjN2M0YzAiOnsiY3JlYXRlIjoxODAwMDAwMDAwMDAwLCJkZWxldGUiOjE4MDAwMDAwMDAwMDAsInVwZGF0ZSI6MzYwMDAwMDAwMDAwMH0sInNjaGVtYV92ZXJzaW9uIjoiMSJ9",
          "depends_on": [
            "data.google_container_engine_versions.default",
            "google_compute_subnetwork.default"
          ]
        }
      ]
    },
    {
      "module": "module.charles",
      "mode": "managed",
      "type": "helm_release",
      "name": "charles-circle-matcher",
      "provider": "provider.helm",
      "instances": [
        {
          "schema_version": 0,
          "attributes": {
            "atomic": false,
            "chart": "modules/charles/charts/darwin-circle-matcher",
            "cleanup_on_fail": false,
            "dependency_update": false,
            "description": null,
            "devel": null,
            "disable_crd_hooks": false,
            "disable_openapi_validation": false,
            "disable_webhooks": false,
            "force_update": false,
            "id": "charles-circle-matcher",
            "keyring": null,
            "max_history": 0,
            "metadata": [
              {
                "chart": "darwin-circle-matcher",
                "name": "charles-circle-matcher",
                "namespace": "charles",
                "revision": 4,
                "values": "null",
                "version": "0.1"
              }
            ],
            "name": "charles-circle-matcher",
            "namespace": "charles",
            "postrender": [],
            "recreate_pods": false,
            "render_subchart_notes": true,
            "replace": false,
            "repository": null,
            "repository_ca_file": null,
            "repository_cert_file": null,
            "repository_key_file": null,
            "repository_password": null,
            "repository_username": null,
            "reset_values": false,
            "reuse_values": false,
            "set": [],
            "set_sensitive": [],
            "set_string": [],
            "skip_crds": false,
            "status": "deployed",
            "timeout": 300,
            "values": null,
            "verify": false,
            "version": "0.1",
            "wait": true
          },
          "private": "bnVsbA=="
        }
      ]
    },
    {
      "module": "module.keycloak",
      "mode": "managed",
      "type": "helm_release",
      "name": "charles-keycloak",
      "provider": "provider.helm",
      "instances": [
        {
          "schema_version": 0,
          "attributes": {
            "atomic": false,
            "chart": "modules/keycloak/charts/keycloak",
            "cleanup_on_fail": false,
            "dependency_update": false,
            "description": null,
            "devel": null,
            "disable_crd_hooks": false,
            "disable_openapi_validation": false,
            "disable_webhooks": false,
            "force_update": false,
            "id": "charles-keycloak",
            "keyring": null,
            "max_history": 0,
            "metadata": [
              {
                "chart": "keycloak",
                "name": "charles-keycloak",
                "namespace": "charles",
                "revision": 1,
                "values": "{\"keycloak\":{\"password\":\"firstpassword\",\"persistence\":{\"dbPassword\":\"firstpassword\"}}}",
                "version": "7.5.0"
              }
            ],
            "name": "charles-keycloak",
            "namespace": "charles",
            "postrender": [],
            "recreate_pods": false,
            "render_subchart_notes": true,
            "replace": false,
            "repository": null,
            "repository_ca_file": null,
            "repository_cert_file": null,
            "repository_key_file": null,
            "repository_password": null,
            "repository_username": null,
            "reset_values": false,
            "reuse_values": false,
            "set": [],
            "set_sensitive": [],
            "set_string": [],
            "skip_crds": false,
            "status": "deployed",
            "timeout": 300,
            "values": [
              "keycloak:\n    password: firstpassword\n    persistence:\n        dbPassword: firstpassword"
            ],
            "verify": false,
            "version": "7.5.0",
            "wait": true
          },
          "private": "bnVsbA==",
          "depends_on": [
            "data.template_file.charles-keycloak-extravars"
          ]
        }
      ]
    },
    {
      "module": "module.charles",
      "mode": "managed",
      "type": "helm_release",
      "name": "charles-moove",
      "provider": "provider.helm",
      "instances": [
        {
          "schema_version": 0,
          "attributes": {
            "atomic": false,
            "chart": "modules/charles/charts/darwin-application",
            "cleanup_on_fail": false,
            "dependency_update": false,
            "description": null,
            "devel": null,
            "disable_crd_hooks": false,
            "disable_openapi_validation": false,
            "disable_webhooks": false,
            "force_update": false,
            "id": "charles-moove",
            "keyring": null,
            "max_history": 0,
            "metadata": [
              {
                "chart": "darwin-application",
                "name": "charles-moove",
                "namespace": "charles",
                "revision": 1,
                "values": "{\"envVars\":[{\"name\":\"SPRING_PROFILES_ACTIVE\",\"value\":\"k8s\"},{\"name\":\"DB_URL\",\"value\":\"jdbc:postgresql://charles-postgresql:5432/charlesmoove?sslMode=disabled\"},{\"name\":\"DB_USERNAME\",\"value\":\"postgres\"},{\"name\":\"DB_PASSWORD\",\"value\":\"firstpassword\"},{\"name\":\"KEYCLOCK_REALM\",\"value\":\"darwin\"},{\"name\":\"KEYCLOAK_SERVER_URL\",\"value\":\"http://charles-keycloak-http/auth\"},{\"name\":\"KEYCLOAK_CLIENT_ID\",\"value\":\"realm-darwin\"},{\"name\":\"KEYCLOAK_CLIENT_SECRET\",\"value\":\"32e76153-d62e-403b-9105-d5a36946d807\"},{\"name\":\"ZUP_CORS_ALLOWED-ORIGINS\",\"value\":\"http://localhost:3000,http://localhost:3001,http://localhost:8081,http://localhost:8080,https://darwin.continuousplatform.com, http://35.222.121.238:3000\"}]}",
                "version": "darwin"
              }
            ],
            "name": "charles-moove",
            "namespace": "charles",
            "postrender": [],
            "recreate_pods": false,
            "render_subchart_notes": true,
            "replace": false,
            "repository": null,
            "repository_ca_file": null,
            "repository_cert_file": null,
            "repository_key_file": null,
            "repository_password": null,
            "repository_username": null,
            "reset_values": false,
            "reuse_values": false,
            "set": [],
            "set_sensitive": [],
            "set_string": [],
            "skip_crds": false,
            "status": "deployed",
            "timeout": 300,
            "values": [
              "envVars:\n  - name: SPRING_PROFILES_ACTIVE\n    value: \"k8s\"\n  - name: DB_URL\n    value: \"jdbc:postgresql://charles-postgresql:5432/charlesmoove?sslMode=disabled\"\n  - name: DB_USERNAME\n    value: \"postgres\"\n  - name: DB_PASSWORD\n    value: \"firstpassword\"\n  - name: KEYCLOCK_REALM\n    value: \"darwin\"\n  - name: KEYCLOAK_SERVER_URL\n    value: \"http://charles-keycloak-http/auth\"\n  - name: KEYCLOAK_CLIENT_ID\n    value: \"realm-darwin\"\n  - name: KEYCLOAK_CLIENT_SECRET\n    value: \"32e76153-d62e-403b-9105-d5a36946d807\"\n  - name: ZUP_CORS_ALLOWED-ORIGINS\n    value: \"http://localhost:3000,http://localhost:3001,http://localhost:8081,http://localhost:8080,https://darwin.continuousplatform.com, http://35.222.121.238:3000\""
            ],
            "verify": false,
            "version": "darwin",
            "wait": true
          },
          "private": "bnVsbA==",
          "depends_on": [
            "data.template_file.charles-moove-extravars"
          ]
        }
      ]
    },
    {
      "module": "module.charles",
      "mode": "managed",
      "type": "helm_release",
      "name": "charles-notifications",
      "provider": "provider.helm",
      "instances": [
        {
          "schema_version": 0,
          "attributes": {
            "atomic": false,
            "chart": "modules/charles/charts/darwin-notifications",
            "cleanup_on_fail": false,
            "dependency_update": false,
            "description": null,
            "devel": null,
            "disable_crd_hooks": false,
            "disable_openapi_validation": false,
            "disable_webhooks": false,
            "force_update": false,
            "id": "charles-notifications",
            "keyring": null,
            "max_history": 0,
            "metadata": [
              {
                "chart": "darwin-notifications",
                "name": "charles-notifications",
                "namespace": "charles",
                "revision": 1,
                "values": "{\"envVars\":[{\"name\":\"SPRING_PROFILES_ACTIVE\",\"value\":\"k8s\"},{\"name\":\"DB_URL\",\"value\":\"jdbc:postgresql://charles-postgresql:5432/charlesnotifications\"},{\"name\":\"DB_USERNAME\",\"value\":\"charlesnotifications\"},{\"name\":\"DB_PASSWORD\",\"value\":\"7k6fMgUYTPdWrxY8\"}]}",
                "version": "darwin"
              }
            ],
            "name": "charles-notifications",
            "namespace": "charles",
            "postrender": [],
            "recreate_pods": false,
            "render_subchart_notes": true,
            "replace": false,
            "repository": null,
            "repository_ca_file": null,
            "repository_cert_file": null,
            "repository_key_file": null,
            "repository_password": null,
            "repository_username": null,
            "reset_values": false,
            "reuse_values": false,
            "set": [],
            "set_sensitive": [],
            "set_string": [],
            "skip_crds": false,
            "status": "deployed",
            "timeout": 300,
            "values": [
              "envVars:\n  - name: SPRING_PROFILES_ACTIVE\n    value: \"k8s\"\n  - name: DB_URL\n    value: jdbc:postgresql://charles-postgresql:5432/charlesnotifications\n  - name: DB_USERNAME\n    value: charlesnotifications\n  - name: DB_PASSWORD\n    value: 7k6fMgUYTPdWrxY8"
            ],
            "verify": false,
            "version": "darwin",
            "wait": true
          },
          "private": "bnVsbA==",
          "depends_on": [
            "data.template_file.charles-notifications-extravars"
          ]
        }
      ]
    },
    {
      "module": "module.postgresql",
      "mode": "managed",
      "type": "helm_release",
      "name": "charles-postgresql",
      "provider": "provider.helm",
      "instances": [
        {
          "schema_version": 0,
          "attributes": {
            "atomic": false,
            "chart": "modules/postgresql/charts/postgresql",
            "cleanup_on_fail": false,
            "dependency_update": false,
            "description": null,
            "devel": null,
            "disable_crd_hooks": false,
            "disable_openapi_validation": false,
            "disable_webhooks": false,
            "force_update": false,
            "id": "charles-postgresql",
            "keyring": null,
            "max_history": 0,
            "metadata": [
              {
                "chart": "postgresql",
                "name": "charles-postgresql",
                "namespace": "charles",
                "revision": 1,
                "values": "{\"initdbScripts\":{\"my_init_script.sql\":\"CREATE DATABASE charlesnotifications;\\nCREATE USER charlesnotifications WITH PASSWORD '7k6fMgUYTPdWrxY8';\\nGRANT ALL PRIVILEGES ON DATABASE charlesnotifications TO charlesnotifications;\\n\\nCREATE DATABASE charlesdeploy;\\nCREATE USER charlesdeploy WITH PASSWORD 'dUhYRbKJyMEzEqCH';\\nGRANT ALL PRIVILEGES ON DATABASE charlesdeploy TO charlesdeploy;\\n\\nCREATE DATABASE charlescirclematcher;\\nCREATE USER charlescirclematcher WITH PASSWORD '4BbqwSe4G8LCj1A8';\\nGRANT ALL PRIVILEGES ON DATABASE charlescirclematcher TO charlescirclematcher;\\n\\nCREATE DATABASE charlesmoove;\\nCREATE USER charlesmoove WITH PASSWORD '7k6fMgUYTPdWrxY8';\\nGRANT ALL PRIVILEGES ON DATABASE charlesmoove TO charlesmoove;\\n\"},\"postgresqlPassword\":\"firstpassword\"}",
                "version": "8.9.0"
              }
            ],
            "name": "charles-postgresql",
            "namespace": "charles",
            "postrender": [],
            "recreate_pods": false,
            "render_subchart_notes": true,
            "replace": false,
            "repository": null,
            "repository_ca_file": null,
            "repository_cert_file": null,
            "repository_key_file": null,
            "repository_password": null,
            "repository_username": null,
            "reset_values": false,
            "reuse_values": false,
            "set": [],
            "set_sensitive": [],
            "set_string": [],
            "skip_crds": false,
            "status": "deployed",
            "timeout": 300,
            "values": [
              "postgresqlPassword: \"firstpassword\"\ninitdbScripts:\n  my_init_script.sql: |\n    CREATE DATABASE charlesnotifications;\n    CREATE USER charlesnotifications WITH PASSWORD '7k6fMgUYTPdWrxY8';\n    GRANT ALL PRIVILEGES ON DATABASE charlesnotifications TO charlesnotifications;\n\n    CREATE DATABASE charlesdeploy;\n    CREATE USER charlesdeploy WITH PASSWORD 'dUhYRbKJyMEzEqCH';\n    GRANT ALL PRIVILEGES ON DATABASE charlesdeploy TO charlesdeploy;\n\n    CREATE DATABASE charlescirclematcher;\n    CREATE USER charlescirclematcher WITH PASSWORD '4BbqwSe4G8LCj1A8';\n    GRANT ALL PRIVILEGES ON DATABASE charlescirclematcher TO charlescirclematcher;\n\n    CREATE DATABASE charlesmoove;\n    CREATE USER charlesmoove WITH PASSWORD '7k6fMgUYTPdWrxY8';\n    GRANT ALL PRIVILEGES ON DATABASE charlesmoove TO charlesmoove;\n\n"
            ],
            "verify": false,
            "version": "8.9.0",
            "wait": true
          },
          "private": "bnVsbA==",
          "depends_on": [
            "data.template_file.charles-postgresql-extravars"
          ]
        }
      ]
    },
    {
      "module": "module.redis",
      "mode": "managed",
      "type": "helm_release",
      "name": "charles-redis",
      "provider": "provider.helm",
      "instances": [
        {
          "schema_version": 0,
          "attributes": {
            "atomic": false,
            "chart": "modules/redis/chart/redis",
            "cleanup_on_fail": false,
            "dependency_update": false,
            "description": null,
            "devel": null,
            "disable_crd_hooks": false,
            "disable_openapi_validation": false,
            "disable_webhooks": false,
            "force_update": false,
            "id": "charles-redis",
            "keyring": null,
            "max_history": 0,
            "metadata": [
              {
                "chart": "redis",
                "name": "charles-redis",
                "namespace": "charles",
                "revision": 1,
                "values": "null",
                "version": "10.5.12"
              }
            ],
            "name": "charles-redis",
            "namespace": "charles",
            "postrender": [],
            "recreate_pods": false,
            "render_subchart_notes": true,
            "replace": false,
            "repository": null,
            "repository_ca_file": null,
            "repository_cert_file": null,
            "repository_key_file": null,
            "repository_password": null,
            "repository_username": null,
            "reset_values": false,
            "reuse_values": false,
            "set": [],
            "set_sensitive": [],
            "set_string": [],
            "skip_crds": false,
            "status": "deployed",
            "timeout": 300,
            "values": null,
            "verify": false,
            "version": "10.5.12",
            "wait": true
          },
          "private": "bnVsbA=="
        }
      ]
    },
    {
      "module": "module.charles",
      "mode": "managed",
      "type": "helm_release",
      "name": "charles-ui-legacy",
      "provider": "provider.helm",
      "instances": [
        {
          "schema_version": 0,
          "attributes": {
            "atomic": false,
            "chart": "modules/charles/charts/darwin-ui-legacy",
            "cleanup_on_fail": false,
            "dependency_update": false,
            "description": null,
            "devel": null,
            "disable_crd_hooks": false,
            "disable_openapi_validation": false,
            "disable_webhooks": false,
            "force_update": false,
            "id": "charles-ui-legacy",
            "keyring": null,
            "max_history": 0,
            "metadata": [
              {
                "chart": "darwin-ui-legacy",
                "name": "charles-ui-legacy",
                "namespace": "charles",
                "revision": 1,
                "values": "{}",
                "version": "darwin"
              }
            ],
            "name": "charles-ui-legacy",
            "namespace": "charles",
            "postrender": [],
            "recreate_pods": false,
            "render_subchart_notes": true,
            "replace": false,
            "repository": null,
            "repository_ca_file": null,
            "repository_cert_file": null,
            "repository_key_file": null,
            "repository_password": null,
            "repository_username": null,
            "reset_values": false,
            "reuse_values": false,
            "set": [],
            "set_sensitive": [],
            "set_string": [],
            "skip_crds": false,
            "status": "deployed",
            "timeout": 300,
            "values": null,
            "verify": false,
            "version": "darwin",
            "wait": true
          },
          "private": "bnVsbA=="
        }
      ]
    },
    {
      "module": "module.charles",
      "mode": "managed",
      "type": "helm_release",
      "name": "charles-ui-new",
      "provider": "provider.helm",
      "instances": [
        {
          "schema_version": 0,
          "attributes": {
            "atomic": false,
            "chart": "modules/charles/charts/darwin-ui-new",
            "cleanup_on_fail": false,
            "dependency_update": false,
            "description": null,
            "devel": null,
            "disable_crd_hooks": false,
            "disable_openapi_validation": false,
            "disable_webhooks": false,
            "force_update": false,
            "id": "charles-ui-new",
            "keyring": null,
            "max_history": 0,
            "metadata": [
              {
                "chart": "darwin-ui-new",
                "name": "charles-ui-new",
                "namespace": "charles",
                "revision": 1,
                "values": "{}",
                "version": "darwin"
              }
            ],
            "name": "charles-ui-new",
            "namespace": "charles",
            "postrender": [],
            "recreate_pods": false,
            "render_subchart_notes": true,
            "replace": false,
            "repository": null,
            "repository_ca_file": null,
            "repository_cert_file": null,
            "repository_key_file": null,
            "repository_password": null,
            "repository_username": null,
            "reset_values": false,
            "reuse_values": false,
            "set": [],
            "set_sensitive": [],
            "set_string": [],
            "skip_crds": false,
            "status": "deployed",
            "timeout": 300,
            "values": null,
            "verify": false,
            "version": "darwin",
            "wait": true
          },
          "private": "bnVsbA=="
        }
      ]
    },
    {
      "mode": "managed",
      "type": "kubernetes_namespace",
      "name": "charles",
      "provider": "provider.kubernetes",
      "instances": [
        {
          "schema_version": 0,
          "attributes": {
            "id": "charles",
            "metadata": [
              {
                "annotations": {},
                "generate_name": "",
                "generation": 0,
                "labels": {
                  "istio-injection": "enabled"
                },
                "name": "charles",
                "resource_version": "741",
                "self_link": "/api/v1/namespaces/charles",
                "uid": "ef28eb5b-1a7e-4f32-bc34-0da49f303cf0"
              }
            ],
            "timeouts": null
          },
          "private": "eyJlMmJmYjczMC1lY2FhLTExZTYtOGY4OC0zNDM2M2JjN2M0YzAiOnsiZGVsZXRlIjozMDAwMDAwMDAwMDB9fQ=="
        }
      ]
    },
    {
      "mode": "managed",
      "type": "random_password",
      "name": "charlescirclematcher_password",
      "provider": "provider.random",
      "instances": [
        {
          "schema_version": 0,
          "attributes": {
            "id": "none",
            "keepers": null,
            "length": 16,
            "lower": true,
            "min_lower": 0,
            "min_numeric": 0,
            "min_special": 0,
            "min_upper": 0,
            "number": true,
            "override_special": "_%@/",
            "result": "4BbqwSe4G8LCj1A8",
            "special": false,
            "upper": true
          },
          "private": "bnVsbA=="
        }
      ]
    },
    {
      "mode": "managed",
      "type": "random_password",
      "name": "charlesdeploy_password",
      "provider": "provider.random",
      "instances": [
        {
          "schema_version": 0,
          "attributes": {
            "id": "none",
            "keepers": null,
            "length": 16,
            "lower": true,
            "min_lower": 0,
            "min_numeric": 0,
            "min_special": 0,
            "min_upper": 0,
            "number": true,
            "override_special": "_%@/",
            "result": "dUhYRbKJyMEzEqCH",
            "special": false,
            "upper": true
          },
          "private": "bnVsbA=="
        }
      ]
    },
    {
      "mode": "managed",
      "type": "random_password",
      "name": "charlesmoove_password",
      "provider": "provider.random",
      "instances": [
        {
          "schema_version": 0,
          "attributes": {
            "id": "none",
            "keepers": null,
            "length": 16,
            "lower": true,
            "min_lower": 0,
            "min_numeric": 0,
            "min_special": 0,
            "min_upper": 0,
            "number": true,
            "override_special": "_%@/",
            "result": "cnCVib9D0fDkDchd",
            "special": false,
            "upper": true
          },
          "private": "bnVsbA=="
        }
      ]
    },
    {
      "mode": "managed",
      "type": "random_password",
      "name": "charlesnotifications_password",
      "provider": "provider.random",
      "instances": [
        {
          "schema_version": 0,
          "attributes": {
            "id": "none",
            "keepers": null,
            "length": 16,
            "lower": true,
            "min_lower": 0,
            "min_numeric": 0,
            "min_special": 0,
            "min_upper": 0,
            "number": true,
            "override_special": "_%@/",
            "result": "7k6fMgUYTPdWrxY8",
            "special": false,
            "upper": true
          },
          "private": "bnVsbA=="
        }
      ]
    }
  ]
}
